<?xml version="1.0" encoding="utf-8"?>
<Project ToolsVersion="4.0" xmlns="http://schemas.microsoft.com/developer/msbuild/2003">
  <ItemGroup>
    <Filter Include="Resource">
      <UniqueIdentifier>{6827bdc7-2c58-4598-97f9-6b270956fd22}</UniqueIdentifier>
      <Extensions>ico;cur;bmp;dlg;rc2;rct;bin;rgs;gif;jpg;jpeg;jpe</Extensions>
    </Filter>
    <Filter Include="Zlib">
      <UniqueIdentifier>{097549a6-2c12-4148-9ffe-b877250fa9cc}</UniqueIdentifier>
    </Filter>
    <Filter Include="Acm">
      <UniqueIdentifier>{34a675d6-1981-410d-a050-12ab02744642}</UniqueIdentifier>
    </Filter>
    <Filter Include="Client">
      <UniqueIdentifier>{3e6a3e98-d89d-400c-ad0d-64e753d23175}</UniqueIdentifier>
    </Filter>
    <Filter Include="AngelScript">
      <UniqueIdentifier>{3fb31d18-c986-431c-a007-0d54747729a2}</UniqueIdentifier>
    </Filter>
    <Filter Include="DatFile">
      <UniqueIdentifier>{0266fab2-2894-4151-a4bc-e9d1df42cec5}</UniqueIdentifier>
    </Filter>
    <Filter Include="Assimp">
      <UniqueIdentifier>{0998c299-c656-4a80-afa0-7b9fc188113c}</UniqueIdentifier>
    </Filter>
    <Filter Include="SHA2">
      <UniqueIdentifier>{1490fc80-a152-44fc-8f0d-a4c31a49c091}</UniqueIdentifier>
    </Filter>
    <Filter Include="Ogg">
      <UniqueIdentifier>{835f66db-187d-4fe4-9c7b-2e35e9466797}</UniqueIdentifier>
    </Filter>
    <Filter Include="GL">
      <UniqueIdentifier>{3c9c4398-c2ab-47cd-8251-c2a663963de3}</UniqueIdentifier>
    </Filter>
  </ItemGroup>
  <ItemGroup>
    <None Include="Client.ico">
      <Filter>Resource</Filter>
    </None>
  </ItemGroup>
  <ItemGroup>
    <ResourceCompile Include="Client.rc">
      <Filter>Resource</Filter>
    </ResourceCompile>
  </ItemGroup>
  <ItemGroup>
    <ClInclude Include="..\Source\ResourceClient.h">
      <Filter>Resource</Filter>
    </ClInclude>
    <ClInclude Include="..\Source\Zlib\crc32.h">
      <Filter>Zlib</Filter>
    </ClInclude>
    <ClInclude Include="..\Source\Zlib\deflate.h">
      <Filter>Zlib</Filter>
    </ClInclude>
    <ClInclude Include="..\Source\Zlib\inffast.h">
      <Filter>Zlib</Filter>
    </ClInclude>
    <ClInclude Include="..\Source\Zlib\inffixed.h">
      <Filter>Zlib</Filter>
    </ClInclude>
    <ClInclude Include="..\Source\Zlib\inflate.h">
      <Filter>Zlib</Filter>
    </ClInclude>
    <ClInclude Include="..\Source\Zlib\inftrees.h">
      <Filter>Zlib</Filter>
    </ClInclude>
    <ClInclude Include="..\Source\Zlib\ioapi.h">
      <Filter>Zlib</Filter>
    </ClInclude>
    <ClInclude Include="..\Source\Zlib\trees.h">
      <Filter>Zlib</Filter>
    </ClInclude>
    <ClInclude Include="..\Source\Zlib\unzip.h">
      <Filter>Zlib</Filter>
    </ClInclude>
    <ClInclude Include="..\Source\Zlib\zconf.h">
      <Filter>Zlib</Filter>
    </ClInclude>
    <ClInclude Include="..\Source\Zlib\zlib.h">
      <Filter>Zlib</Filter>
    </ClInclude>
    <ClInclude Include="..\Source\Zlib\zutil.h">
      <Filter>Zlib</Filter>
    </ClInclude>
    <ClInclude Include="..\Source\Acm\acmstrm.h">
      <Filter>Acm</Filter>
    </ClInclude>
    <ClInclude Include="..\Source\ogg\codec.h">
      <Filter>Ogg</Filter>
    </ClInclude>
    <ClInclude Include="..\Source\ogg\ogg.h">
      <Filter>Ogg</Filter>
    </ClInclude>
    <ClInclude Include="..\Source\ogg\os_types.h">
      <Filter>Ogg</Filter>
    </ClInclude>
    <ClInclude Include="..\Source\ogg\vorbisenc.h">
      <Filter>Ogg</Filter>
    </ClInclude>
    <ClInclude Include="..\Source\ogg\vorbisfile.h">
      <Filter>Ogg</Filter>
    </ClInclude>
    <ClInclude Include="..\Source\Access.h">
      <Filter>Client</Filter>
    </ClInclude>
    <ClInclude Include="..\Source\BufferManager.h">
      <Filter>Client</Filter>
    </ClInclude>
    <ClInclude Include="..\Source\Client.h">
      <Filter>Client</Filter>
    </ClInclude>
    <ClInclude Include="..\Source\Common.h">
      <Filter>Client</Filter>
    </ClInclude>
    <ClInclude Include="..\Source\ConstantsManager.h">
      <Filter>Client</Filter>
    </ClInclude>
    <ClInclude Include="..\Source\CraftManager.h">
      <Filter>Client</Filter>
    </ClInclude>
    <ClInclude Include="..\Source\CritterCl.h">
      <Filter>Client</Filter>
    </ClInclude>
    <ClInclude Include="..\Source\CritterType.h">
      <Filter>Client</Filter>
    </ClInclude>
    <ClInclude Include="..\Source\Crypt.h">
      <Filter>Client</Filter>
    </ClInclude>
    <ClInclude Include="..\Source\DataFile.h">
      <Filter>Client</Filter>
    </ClInclude>
    <ClInclude Include="..\Source\DataMask.h">
      <Filter>Client</Filter>
    </ClInclude>
    <ClInclude Include="..\Source\Debugger.h">
      <Filter>Client</Filter>
    </ClInclude>
    <ClInclude Include="..\Source\Defence.h">
      <Filter>Client</Filter>
    </ClInclude>
    <ClInclude Include="..\Source\Defines.h">
      <Filter>Client</Filter>
    </ClInclude>
    <ClInclude Include="..\Source\Exception.h">
      <Filter>Client</Filter>
    </ClInclude>
    <ClInclude Include="..\Source\FileManager.h">
      <Filter>Client</Filter>
    </ClInclude>
    <ClInclude Include="..\Source\HexManager.h">
      <Filter>Client</Filter>
    </ClInclude>
    <ClInclude Include="..\Source\IniParser.h">
      <Filter>Client</Filter>
    </ClInclude>
    <ClInclude Include="..\Source\Item.h">
      <Filter>Client</Filter>
    </ClInclude>
    <ClInclude Include="..\Source\ItemHex.h">
      <Filter>Client</Filter>
    </ClInclude>
    <ClInclude Include="..\Source\ItemManager.h">
      <Filter>Client</Filter>
    </ClInclude>
    <ClInclude Include="..\Source\ItemPid.h">
      <Filter>Client</Filter>
    </ClInclude>
    <ClInclude Include="..\Source\Keyboard.h">
      <Filter>Client</Filter>
    </ClInclude>
    <ClInclude Include="..\Source\LineTracer.h">
      <Filter>Client</Filter>
    </ClInclude>
    <ClInclude Include="..\Source\Log.h">
      <Filter>Client</Filter>
    </ClInclude>
    <ClInclude Include="..\Source\MsgFiles.h">
      <Filter>Client</Filter>
    </ClInclude>
    <ClInclude Include="..\Source\MsgStr.h">
      <Filter>Client</Filter>
    </ClInclude>
    <ClInclude Include="..\Source\Mutex.h">
      <Filter>Client</Filter>
    </ClInclude>
    <ClInclude Include="..\Source\NetProtocol.h">
      <Filter>Client</Filter>
    </ClInclude>
    <ClInclude Include="..\Source\PlatformSpecific.h">
      <Filter>Client</Filter>
    </ClInclude>
    <ClInclude Include="..\Source\QuestManager.h">
      <Filter>Client</Filter>
    </ClInclude>
    <ClInclude Include="..\Source\Randomizer.h">
      <Filter>Client</Filter>
    </ClInclude>
    <ClInclude Include="..\Source\ResourceManager.h">
      <Filter>Client</Filter>
    </ClInclude>
    <ClInclude Include="..\Source\Script.h">
      <Filter>Client</Filter>
    </ClInclude>
    <ClInclude Include="..\Source\ScriptBind.h">
      <Filter>Client</Filter>
    </ClInclude>
    <ClInclude Include="..\Source\ScriptPragmas.h">
      <Filter>Client</Filter>
    </ClInclude>
    <ClInclude Include="..\Source\SoundManager.h">
      <Filter>Client</Filter>
    </ClInclude>
    <ClInclude Include="..\Source\SpriteManager.h">
      <Filter>Client</Filter>
    </ClInclude>
    <ClInclude Include="..\Source\StdAfx.h">
      <Filter>Client</Filter>
    </ClInclude>
    <ClInclude Include="..\Source\Text.h">
      <Filter>Client</Filter>
    </ClInclude>
    <ClInclude Include="..\Source\Timer.h">
      <Filter>Client</Filter>
    </ClInclude>
    <ClInclude Include="..\Source\Types.h">
      <Filter>Client</Filter>
    </ClInclude>
    <ClInclude Include="..\Source\Version.h">
      <Filter>Client</Filter>
    </ClInclude>
    <ClInclude Include="..\Source\AngelScript\angelscript.h">
      <Filter>AngelScript</Filter>
    </ClInclude>
    <ClInclude Include="..\Source\AngelScript\as_array.h">
      <Filter>AngelScript</Filter>
    </ClInclude>
    <ClInclude Include="..\Source\AngelScript\as_atomic.h">
      <Filter>AngelScript</Filter>
    </ClInclude>
    <ClInclude Include="..\Source\AngelScript\as_builder.h">
      <Filter>AngelScript</Filter>
    </ClInclude>
    <ClInclude Include="..\Source\AngelScript\as_bytecode.h">
      <Filter>AngelScript</Filter>
    </ClInclude>
    <ClInclude Include="..\Source\AngelScript\as_bytecodedef.h">
      <Filter>AngelScript</Filter>
    </ClInclude>
    <ClInclude Include="..\Source\AngelScript\as_callfunc.h">
      <Filter>AngelScript</Filter>
    </ClInclude>
    <ClInclude Include="..\Source\AngelScript\as_compiler.h">
      <Filter>AngelScript</Filter>
    </ClInclude>
    <ClInclude Include="..\Source\AngelScript\as_config.h">
      <Filter>AngelScript</Filter>
    </ClInclude>
    <ClInclude Include="..\Source\AngelScript\as_configgroup.h">
      <Filter>AngelScript</Filter>
    </ClInclude>
    <ClInclude Include="..\Source\AngelScript\as_context.h">
      <Filter>AngelScript</Filter>
    </ClInclude>
    <ClInclude Include="..\Source\AngelScript\as_criticalsection.h">
      <Filter>AngelScript</Filter>
    </ClInclude>
    <ClInclude Include="..\Source\AngelScript\as_datatype.h">
      <Filter>AngelScript</Filter>
    </ClInclude>
    <ClInclude Include="..\Source\AngelScript\as_debug.h">
      <Filter>AngelScript</Filter>
    </ClInclude>
    <ClInclude Include="..\Source\AngelScript\as_gc.h">
      <Filter>AngelScript</Filter>
    </ClInclude>
    <ClInclude Include="..\Source\AngelScript\as_generic.h">
      <Filter>AngelScript</Filter>
    </ClInclude>
    <ClInclude Include="..\Source\AngelScript\as_map.h">
      <Filter>AngelScript</Filter>
    </ClInclude>
    <ClInclude Include="..\Source\AngelScript\as_memory.h">
      <Filter>AngelScript</Filter>
    </ClInclude>
    <ClInclude Include="..\Source\AngelScript\as_module.h">
      <Filter>AngelScript</Filter>
    </ClInclude>
    <ClInclude Include="..\Source\AngelScript\as_objecttype.h">
      <Filter>AngelScript</Filter>
    </ClInclude>
    <ClInclude Include="..\Source\AngelScript\as_outputbuffer.h">
      <Filter>AngelScript</Filter>
    </ClInclude>
    <ClInclude Include="..\Source\AngelScript\as_parser.h">
      <Filter>AngelScript</Filter>
    </ClInclude>
    <ClInclude Include="..\Source\AngelScript\as_property.h">
      <Filter>AngelScript</Filter>
    </ClInclude>
    <ClInclude Include="..\Source\AngelScript\as_restore.h">
      <Filter>AngelScript</Filter>
    </ClInclude>
    <ClInclude Include="..\Source\AngelScript\as_scriptcode.h">
      <Filter>AngelScript</Filter>
    </ClInclude>
    <ClInclude Include="..\Source\AngelScript\as_scriptengine.h">
      <Filter>AngelScript</Filter>
    </ClInclude>
    <ClInclude Include="..\Source\AngelScript\as_scriptfunction.h">
      <Filter>AngelScript</Filter>
    </ClInclude>
    <ClInclude Include="..\Source\AngelScript\as_scriptnode.h">
      <Filter>AngelScript</Filter>
    </ClInclude>
    <ClInclude Include="..\Source\AngelScript\as_scriptobject.h">
      <Filter>AngelScript</Filter>
    </ClInclude>
    <ClInclude Include="..\Source\AngelScript\as_string.h">
      <Filter>AngelScript</Filter>
    </ClInclude>
    <ClInclude Include="..\Source\AngelScript\as_string_util.h">
      <Filter>AngelScript</Filter>
    </ClInclude>
    <ClInclude Include="..\Source\AngelScript\as_texts.h">
      <Filter>AngelScript</Filter>
    </ClInclude>
    <ClInclude Include="..\Source\AngelScript\as_thread.h">
      <Filter>AngelScript</Filter>
    </ClInclude>
    <ClInclude Include="..\Source\AngelScript\as_tokendef.h">
      <Filter>AngelScript</Filter>
    </ClInclude>
    <ClInclude Include="..\Source\AngelScript\as_tokenizer.h">
      <Filter>AngelScript</Filter>
    </ClInclude>
    <ClInclude Include="..\Source\AngelScript\as_typeinfo.h">
      <Filter>AngelScript</Filter>
    </ClInclude>
    <ClInclude Include="..\Source\AngelScript\as_variablescope.h">
      <Filter>AngelScript</Filter>
    </ClInclude>
    <ClInclude Include="..\Source\AngelScript\scriptany.h">
      <Filter>AngelScript</Filter>
    </ClInclude>
    <ClInclude Include="..\Source\AngelScript\scriptarray.h">
      <Filter>AngelScript</Filter>
    </ClInclude>
    <ClInclude Include="..\Source\AngelScript\scriptdictionary.h">
      <Filter>AngelScript</Filter>
    </ClInclude>
    <ClInclude Include="..\Source\AngelScript\scriptfile.h">
      <Filter>AngelScript</Filter>
    </ClInclude>
    <ClInclude Include="..\Source\AngelScript\scriptmath.h">
      <Filter>AngelScript</Filter>
    </ClInclude>
    <ClInclude Include="..\Source\datfile\cfile.h">
      <Filter>DatFile</Filter>
    </ClInclude>
    <ClInclude Include="..\Source\datfile\unlzss.h">
      <Filter>DatFile</Filter>
    </ClInclude>
    <ClInclude Include="..\Source\Assimp\aiAnim.h">
      <Filter>Assimp</Filter>
    </ClInclude>
    <ClInclude Include="..\Source\Assimp\aiAssert.h">
      <Filter>Assimp</Filter>
    </ClInclude>
    <ClInclude Include="..\Source\Assimp\aiCamera.h">
      <Filter>Assimp</Filter>
    </ClInclude>
    <ClInclude Include="..\Source\Assimp\aiColor4D.h">
      <Filter>Assimp</Filter>
    </ClInclude>
    <ClInclude Include="..\Source\Assimp\aiConfig.h">
      <Filter>Assimp</Filter>
    </ClInclude>
    <ClInclude Include="..\Source\Assimp\aiDefines.h">
      <Filter>Assimp</Filter>
    </ClInclude>
    <ClInclude Include="..\Source\Assimp\aiFileIO.h">
      <Filter>Assimp</Filter>
    </ClInclude>
    <ClInclude Include="..\Source\Assimp\aiLight.h">
      <Filter>Assimp</Filter>
    </ClInclude>
    <ClInclude Include="..\Source\Assimp\aiMaterial.h">
      <Filter>Assimp</Filter>
    </ClInclude>
    <ClInclude Include="..\Source\Assimp\aiMatrix3x3.h">
      <Filter>Assimp</Filter>
    </ClInclude>
    <ClInclude Include="..\Source\Assimp\aiMatrix4x4.h">
      <Filter>Assimp</Filter>
    </ClInclude>
    <ClInclude Include="..\Source\Assimp\aiMesh.h">
      <Filter>Assimp</Filter>
    </ClInclude>
    <ClInclude Include="..\Source\Assimp\aiPostProcess.h">
      <Filter>Assimp</Filter>
    </ClInclude>
    <ClInclude Include="..\Source\Assimp\aiQuaternion.h">
      <Filter>Assimp</Filter>
    </ClInclude>
    <ClInclude Include="..\Source\Assimp\aiScene.h">
      <Filter>Assimp</Filter>
    </ClInclude>
    <ClInclude Include="..\Source\Assimp\aiTexture.h">
      <Filter>Assimp</Filter>
    </ClInclude>
    <ClInclude Include="..\Source\Assimp\aiTypes.h">
      <Filter>Assimp</Filter>
    </ClInclude>
    <ClInclude Include="..\Source\Assimp\aiVector2D.h">
      <Filter>Assimp</Filter>
    </ClInclude>
    <ClInclude Include="..\Source\Assimp\aiVector3D.h">
      <Filter>Assimp</Filter>
    </ClInclude>
    <ClInclude Include="..\Source\Assimp\aiVersion.h">
      <Filter>Assimp</Filter>
    </ClInclude>
    <ClInclude Include="..\Source\Assimp\assimp.h">
      <Filter>Assimp</Filter>
    </ClInclude>
    <ClInclude Include="..\Source\Assimp\assimp.hpp">
      <Filter>Assimp</Filter>
    </ClInclude>
    <ClInclude Include="..\Source\Assimp\DefaultLogger.h">
      <Filter>Assimp</Filter>
    </ClInclude>
    <ClInclude Include="..\Source\Assimp\export.h">
      <Filter>Assimp</Filter>
    </ClInclude>
    <ClInclude Include="..\Source\Assimp\export.hpp">
      <Filter>Assimp</Filter>
    </ClInclude>
    <ClInclude Include="..\Source\Assimp\IOStream.h">
      <Filter>Assimp</Filter>
    </ClInclude>
    <ClInclude Include="..\Source\Assimp\IOSystem.h">
      <Filter>Assimp</Filter>
    </ClInclude>
    <ClInclude Include="..\Source\Assimp\Logger.h">
      <Filter>Assimp</Filter>
    </ClInclude>
    <ClInclude Include="..\Source\Assimp\LogStream.h">
      <Filter>Assimp</Filter>
    </ClInclude>
    <ClInclude Include="..\Source\Assimp\NullLogger.h">
      <Filter>Assimp</Filter>
    </ClInclude>
    <ClInclude Include="..\Source\Assimp\ProgressHandler.h">
      <Filter>Assimp</Filter>
    </ClInclude>
    <ClInclude Include="..\Source\SHA2\sha2.h">
      <Filter>SHA2</Filter>
    </ClInclude>
    <ClInclude Include="..\Source\FileSystem.h">
      <Filter>Client</Filter>
    </ClInclude>
    <ClInclude Include="..\Source\Sprites.h">
      <Filter>Client</Filter>
    </ClInclude>
    <ClInclude Include="..\Source\GraphicLoader.h">
      <Filter>Client</Filter>
    </ClInclude>
    <ClInclude Include="..\Source\GraphicStructures.h">
      <Filter>Client</Filter>
    </ClInclude>
    <ClInclude Include="..\Source\3dAnimation.h">
      <Filter>Client</Filter>
    </ClInclude>
    <ClInclude Include="..\Source\3dStuff.h">
      <Filter>Client</Filter>
    </ClInclude>
    <ClInclude Include="..\Source\GL\glew.h">
      <Filter>GL</Filter>
    </ClInclude>
    <ClInclude Include="..\Source\GL\glxew.h">
      <Filter>GL</Filter>
    </ClInclude>
    <ClInclude Include="..\Source\GL\wglew.h">
      <Filter>GL</Filter>
    </ClInclude>
    <ClInclude Include="..\Source\AngelScript\scriptstring.h">
      <Filter>AngelScript</Filter>
    </ClInclude>
    <ClInclude Include="..\Source\AngelScript\as_symboltable.h">
      <Filter>AngelScript</Filter>
    </ClInclude>
    <ClInclude Include="..\Source\AngelScript\preprocessor.h">
      <Filter>AngelScript</Filter>
    </ClInclude>
    <ClInclude Include="..\Source\GL\glu_stuff.h">
      <Filter>GL</Filter>
    </ClInclude>
  </ItemGroup>
  <ItemGroup>
    <ClCompile Include="..\Source\Zlib\adler32.c">
      <Filter>Zlib</Filter>
    </ClCompile>
    <ClCompile Include="..\Source\Zlib\compress.c">
      <Filter>Zlib</Filter>
    </ClCompile>
    <ClCompile Include="..\Source\Zlib\crc32.c">
      <Filter>Zlib</Filter>
    </ClCompile>
    <ClCompile Include="..\Source\Zlib\deflate.c">
      <Filter>Zlib</Filter>
    </ClCompile>
    <ClCompile Include="..\Source\Zlib\infback.c">
      <Filter>Zlib</Filter>
    </ClCompile>
    <ClCompile Include="..\Source\Zlib\inffast.c">
      <Filter>Zlib</Filter>
    </ClCompile>
    <ClCompile Include="..\Source\Zlib\inflate.c">
      <Filter>Zlib</Filter>
    </ClCompile>
    <ClCompile Include="..\Source\Zlib\inftrees.c">
      <Filter>Zlib</Filter>
    </ClCompile>
    <ClCompile Include="..\Source\Zlib\ioapi.c">
      <Filter>Zlib</Filter>
    </ClCompile>
    <ClCompile Include="..\Source\Zlib\trees.c">
      <Filter>Zlib</Filter>
    </ClCompile>
    <ClCompile Include="..\Source\Zlib\uncompr.c">
      <Filter>Zlib</Filter>
    </ClCompile>
    <ClCompile Include="..\Source\Zlib\unzip.c">
      <Filter>Zlib</Filter>
    </ClCompile>
    <ClCompile Include="..\Source\Zlib\zutil.c">
      <Filter>Zlib</Filter>
    </ClCompile>
    <ClCompile Include="..\Source\Acm\acmstrm.cpp">
      <Filter>Acm</Filter>
    </ClCompile>
    <ClCompile Include="..\Source\BufferManager.cpp">
      <Filter>Client</Filter>
    </ClCompile>
    <ClCompile Include="..\Source\Client.cpp">
      <Filter>Client</Filter>
    </ClCompile>
    <ClCompile Include="..\Source\ClientInterface.cpp">
      <Filter>Client</Filter>
    </ClCompile>
    <ClCompile Include="..\Source\Common.cpp">
      <Filter>Client</Filter>
    </ClCompile>
    <ClCompile Include="..\Source\ConstantsManager.cpp">
      <Filter>Client</Filter>
    </ClCompile>
    <ClCompile Include="..\Source\CraftManager.cpp">
      <Filter>Client</Filter>
    </ClCompile>
    <ClCompile Include="..\Source\CritterCl.cpp">
      <Filter>Client</Filter>
    </ClCompile>
    <ClCompile Include="..\Source\CritterType.cpp">
      <Filter>Client</Filter>
    </ClCompile>
    <ClCompile Include="..\Source\Crypt.cpp">
      <Filter>Client</Filter>
    </ClCompile>
    <ClCompile Include="..\Source\DataFile.cpp">
      <Filter>Client</Filter>
    </ClCompile>
    <ClCompile Include="..\Source\Debugger.cpp">
      <Filter>Client</Filter>
    </ClCompile>
    <ClCompile Include="..\Source\Exception.cpp">
      <Filter>Client</Filter>
    </ClCompile>
    <ClCompile Include="..\Source\FileManager.cpp">
      <Filter>Client</Filter>
    </ClCompile>
    <ClCompile Include="..\Source\HexManager.cpp">
      <Filter>Client</Filter>
    </ClCompile>
    <ClCompile Include="..\Source\IniParser.cpp">
      <Filter>Client</Filter>
    </ClCompile>
    <ClCompile Include="..\Source\Item.cpp">
      <Filter>Client</Filter>
    </ClCompile>
    <ClCompile Include="..\Source\ItemHex.cpp">
      <Filter>Client</Filter>
    </ClCompile>
    <ClCompile Include="..\Source\ItemManager.cpp">
      <Filter>Client</Filter>
    </ClCompile>
    <ClCompile Include="..\Source\Keyboard.cpp">
      <Filter>Client</Filter>
    </ClCompile>
    <ClCompile Include="..\Source\Log.cpp">
      <Filter>Client</Filter>
    </ClCompile>
    <ClCompile Include="..\Source\MainClient.cpp">
      <Filter>Client</Filter>
    </ClCompile>
    <ClCompile Include="..\Source\MsgFiles.cpp">
      <Filter>Client</Filter>
    </ClCompile>
    <ClCompile Include="..\Source\ResourceManager.cpp">
      <Filter>Client</Filter>
    </ClCompile>
    <ClCompile Include="..\Source\Script.cpp">
      <Filter>Client</Filter>
    </ClCompile>
    <ClCompile Include="..\Source\ScriptPragmas.cpp">
      <Filter>Client</Filter>
    </ClCompile>
    <ClCompile Include="..\Source\SoundManager.cpp">
      <Filter>Client</Filter>
    </ClCompile>
    <ClCompile Include="..\Source\SpriteManager.cpp">
      <Filter>Client</Filter>
    </ClCompile>
    <ClCompile Include="..\Source\StdAfx.cpp">
      <Filter>Client</Filter>
    </ClCompile>
    <ClCompile Include="..\Source\Text.cpp">
      <Filter>Client</Filter>
    </ClCompile>
    <ClCompile Include="..\Source\Timer.cpp">
      <Filter>Client</Filter>
    </ClCompile>
    <ClCompile Include="..\Source\AngelScript\as_atomic.cpp">
      <Filter>AngelScript</Filter>
    </ClCompile>
    <ClCompile Include="..\Source\AngelScript\as_builder.cpp">
      <Filter>AngelScript</Filter>
    </ClCompile>
    <ClCompile Include="..\Source\AngelScript\as_bytecode.cpp">
      <Filter>AngelScript</Filter>
    </ClCompile>
    <ClCompile Include="..\Source\AngelScript\as_callfunc.cpp">
      <Filter>AngelScript</Filter>
    </ClCompile>
    <ClCompile Include="..\Source\AngelScript\as_callfunc_x64_gcc.cpp">
      <Filter>AngelScript</Filter>
    </ClCompile>
    <ClCompile Include="..\Source\AngelScript\as_callfunc_x64_msvc.cpp">
      <Filter>AngelScript</Filter>
    </ClCompile>
    <ClCompile Include="..\Source\AngelScript\as_callfunc_x86.cpp">
      <Filter>AngelScript</Filter>
    </ClCompile>
    <ClCompile Include="..\Source\AngelScript\as_compiler.cpp">
      <Filter>AngelScript</Filter>
    </ClCompile>
    <ClCompile Include="..\Source\AngelScript\as_configgroup.cpp">
      <Filter>AngelScript</Filter>
    </ClCompile>
    <ClCompile Include="..\Source\AngelScript\as_context.cpp">
      <Filter>AngelScript</Filter>
    </ClCompile>
    <ClCompile Include="..\Source\AngelScript\as_datatype.cpp">
      <Filter>AngelScript</Filter>
    </ClCompile>
    <ClCompile Include="..\Source\AngelScript\as_gc.cpp">
      <Filter>AngelScript</Filter>
    </ClCompile>
    <ClCompile Include="..\Source\AngelScript\as_generic.cpp">
      <Filter>AngelScript</Filter>
    </ClCompile>
    <ClCompile Include="..\Source\AngelScript\as_globalproperty.cpp">
      <Filter>AngelScript</Filter>
    </ClCompile>
    <ClCompile Include="..\Source\AngelScript\as_memory.cpp">
      <Filter>AngelScript</Filter>
    </ClCompile>
    <ClCompile Include="..\Source\AngelScript\as_module.cpp">
      <Filter>AngelScript</Filter>
    </ClCompile>
    <ClCompile Include="..\Source\AngelScript\as_objecttype.cpp">
      <Filter>AngelScript</Filter>
    </ClCompile>
    <ClCompile Include="..\Source\AngelScript\as_outputbuffer.cpp">
      <Filter>AngelScript</Filter>
    </ClCompile>
    <ClCompile Include="..\Source\AngelScript\as_parser.cpp">
      <Filter>AngelScript</Filter>
    </ClCompile>
    <ClCompile Include="..\Source\AngelScript\as_restore.cpp">
      <Filter>AngelScript</Filter>
    </ClCompile>
    <ClCompile Include="..\Source\AngelScript\as_scriptcode.cpp">
      <Filter>AngelScript</Filter>
    </ClCompile>
    <ClCompile Include="..\Source\AngelScript\as_scriptengine.cpp">
      <Filter>AngelScript</Filter>
    </ClCompile>
    <ClCompile Include="..\Source\AngelScript\as_scriptfunction.cpp">
      <Filter>AngelScript</Filter>
    </ClCompile>
    <ClCompile Include="..\Source\AngelScript\as_scriptnode.cpp">
      <Filter>AngelScript</Filter>
    </ClCompile>
    <ClCompile Include="..\Source\AngelScript\as_scriptobject.cpp">
      <Filter>AngelScript</Filter>
    </ClCompile>
    <ClCompile Include="..\Source\AngelScript\as_string.cpp">
      <Filter>AngelScript</Filter>
    </ClCompile>
    <ClCompile Include="..\Source\AngelScript\as_string_util.cpp">
      <Filter>AngelScript</Filter>
    </ClCompile>
    <ClCompile Include="..\Source\AngelScript\as_thread.cpp">
      <Filter>AngelScript</Filter>
    </ClCompile>
    <ClCompile Include="..\Source\AngelScript\as_tokenizer.cpp">
      <Filter>AngelScript</Filter>
    </ClCompile>
    <ClCompile Include="..\Source\AngelScript\as_typeinfo.cpp">
      <Filter>AngelScript</Filter>
    </ClCompile>
    <ClCompile Include="..\Source\AngelScript\as_variablescope.cpp">
      <Filter>AngelScript</Filter>
    </ClCompile>
    <ClCompile Include="..\Source\AngelScript\scriptany.cpp">
      <Filter>AngelScript</Filter>
    </ClCompile>
    <ClCompile Include="..\Source\AngelScript\scriptarray.cpp">
      <Filter>AngelScript</Filter>
    </ClCompile>
    <ClCompile Include="..\Source\AngelScript\scriptdictionary.cpp">
      <Filter>AngelScript</Filter>
    </ClCompile>
    <ClCompile Include="..\Source\AngelScript\scriptfile.cpp">
      <Filter>AngelScript</Filter>
    </ClCompile>
    <ClCompile Include="..\Source\AngelScript\scriptmath.cpp">
      <Filter>AngelScript</Filter>
    </ClCompile>
    <ClCompile Include="..\Source\datfile\cfile.cpp">
      <Filter>DatFile</Filter>
    </ClCompile>
    <ClCompile Include="..\Source\datfile\unlzss.cpp">
      <Filter>DatFile</Filter>
    </ClCompile>
    <ClCompile Include="..\Source\SHA2\sha2.c">
      <Filter>SHA2</Filter>
    </ClCompile>
    <ClCompile Include="..\Source\FileSystem.cpp">
      <Filter>Client</Filter>
    </ClCompile>
    <ClCompile Include="..\Source\Sprites.cpp">
      <Filter>Client</Filter>
    </ClCompile>
    <ClCompile Include="..\Source\SpriteManagerFont.cpp">
      <Filter>Client</Filter>
    </ClCompile>
    <ClCompile Include="..\Source\GraphicLoader.cpp">
      <Filter>Client</Filter>
    </ClCompile>
    <ClCompile Include="..\Source\3dStuff.cpp">
      <Filter>Client</Filter>
    </ClCompile>
    <ClCompile Include="..\Source\GL\glew.c">
      <Filter>GL</Filter>
    </ClCompile>
    <ClCompile Include="..\Source\AngelScript\scriptstring.cpp">
      <Filter>AngelScript</Filter>
    </ClCompile>
    <ClCompile Include="..\Source\AngelScript\preprocessor.cpp">
      <Filter>AngelScript</Filter>
    </ClCompile>
    <ClCompile Include="..\Source\GL\glu_stuff.cpp">
      <Filter>GL</Filter>
    </ClCompile>
  </ItemGroup>
  <ItemGroup>
    <CustomBuild Include="..\Source\AngelScript\as_callfunc_x64_msvc.asm">
      <Filter>AngelScript</Filter>
    </CustomBuild>
  </ItemGroup>
</Project>