<?xml version="1.0" encoding="utf-8"?>
<Project ToolsVersion="4.0" xmlns="http://schemas.microsoft.com/developer/msbuild/2003">
  <ItemGroup>
    <Filter Include="ASCompiler">
      <UniqueIdentifier>{4FC737F1-C7A5-4376-A066-2A32D752A2FF}</UniqueIdentifier>
      <Extensions>cpp;c;cc;cxx;def;odl;idl;hpj;bat;asm;asmx</Extensions>
    </Filter>
    <Filter Include="AngelScript">
      <UniqueIdentifier>{b74489d1-9081-4a2b-bc85-8faa85f671d0}</UniqueIdentifier>
    </Filter>
    <Filter Include="Zlib">
      <UniqueIdentifier>{b694b7a0-8c44-464f-866f-a94d4570dc5e}</UniqueIdentifier>
    </Filter>
    <Filter Include="SHA2">
      <UniqueIdentifier>{dbec4ed1-462f-4fa0-9626-f20c67d7df30}</UniqueIdentifier>
    </Filter>
  </ItemGroup>
  <ItemGroup>
    <ClInclude Include="ScriptEngine.h">
      <Filter>ASCompiler</Filter>
    </ClInclude>
    <ClInclude Include="..\Source\DummyData.h">
      <Filter>ASCompiler</Filter>
    </ClInclude>
    <ClInclude Include="..\Source\ScriptBind.h">
      <Filter>ASCompiler</Filter>
    </ClInclude>
    <ClInclude Include="..\Source\ScriptPragmas.h">
      <Filter>ASCompiler</Filter>
    </ClInclude>
    <ClInclude Include="..\Source\AngelScript\angelscript.h">
      <Filter>AngelScript</Filter>
    </ClInclude>
    <ClInclude Include="..\Source\AngelScript\as_array.h">
      <Filter>AngelScript</Filter>
    </ClInclude>
    <ClInclude Include="..\Source\AngelScript\as_atomic.h">
      <Filter>AngelScript</Filter>
    </ClInclude>
    <ClInclude Include="..\Source\AngelScript\as_builder.h">
      <Filter>AngelScript</Filter>
    </ClInclude>
    <ClInclude Include="..\Source\AngelScript\as_bytecode.h">
      <Filter>AngelScript</Filter>
    </ClInclude>
    <ClInclude Include="..\Source\AngelScript\as_callfunc.h">
      <Filter>AngelScript</Filter>
    </ClInclude>
    <ClInclude Include="..\Source\AngelScript\as_compiler.h">
      <Filter>AngelScript</Filter>
    </ClInclude>
    <ClInclude Include="..\Source\AngelScript\as_config.h">
      <Filter>AngelScript</Filter>
    </ClInclude>
    <ClInclude Include="..\Source\AngelScript\as_configgroup.h">
      <Filter>AngelScript</Filter>
    </ClInclude>
    <ClInclude Include="..\Source\AngelScript\as_context.h">
      <Filter>AngelScript</Filter>
    </ClInclude>
    <ClInclude Include="..\Source\AngelScript\as_criticalsection.h">
      <Filter>AngelScript</Filter>
    </ClInclude>
    <ClInclude Include="..\Source\AngelScript\as_datatype.h">
      <Filter>AngelScript</Filter>
    </ClInclude>
    <ClInclude Include="..\Source\AngelScript\as_debug.h">
      <Filter>AngelScript</Filter>
    </ClInclude>
    <ClInclude Include="..\Source\AngelScript\as_gc.h">
      <Filter>AngelScript</Filter>
    </ClInclude>
    <ClInclude Include="..\Source\AngelScript\as_generic.h">
      <Filter>AngelScript</Filter>
    </ClInclude>
    <ClInclude Include="..\Source\AngelScript\as_map.h">
      <Filter>AngelScript</Filter>
    </ClInclude>
    <ClInclude Include="..\Source\AngelScript\as_memory.h">
      <Filter>AngelScript</Filter>
    </ClInclude>
    <ClInclude Include="..\Source\AngelScript\as_module.h">
      <Filter>AngelScript</Filter>
    </ClInclude>
    <ClInclude Include="..\Source\AngelScript\as_objecttype.h">
      <Filter>AngelScript</Filter>
    </ClInclude>
    <ClInclude Include="..\Source\AngelScript\as_outputbuffer.h">
      <Filter>AngelScript</Filter>
    </ClInclude>
    <ClInclude Include="..\Source\AngelScript\as_parser.h">
      <Filter>AngelScript</Filter>
    </ClInclude>
    <ClInclude Include="..\Source\AngelScript\as_property.h">
      <Filter>AngelScript</Filter>
    </ClInclude>
    <ClInclude Include="..\Source\AngelScript\as_restore.h">
      <Filter>AngelScript</Filter>
    </ClInclude>
    <ClInclude Include="..\Source\AngelScript\as_scriptcode.h">
      <Filter>AngelScript</Filter>
    </ClInclude>
    <ClInclude Include="..\Source\AngelScript\as_scriptengine.h">
      <Filter>AngelScript</Filter>
    </ClInclude>
    <ClInclude Include="..\Source\AngelScript\as_scriptfunction.h">
      <Filter>AngelScript</Filter>
    </ClInclude>
    <ClInclude Include="..\Source\AngelScript\as_scriptnode.h">
      <Filter>AngelScript</Filter>
    </ClInclude>
    <ClInclude Include="..\Source\AngelScript\as_scriptobject.h">
      <Filter>AngelScript</Filter>
    </ClInclude>
    <ClInclude Include="..\Source\AngelScript\as_string.h">
      <Filter>AngelScript</Filter>
    </ClInclude>
    <ClInclude Include="..\Source\AngelScript\as_string_util.h">
      <Filter>AngelScript</Filter>
    </ClInclude>
    <ClInclude Include="..\Source\AngelScript\as_texts.h">
      <Filter>AngelScript</Filter>
    </ClInclude>
    <ClInclude Include="..\Source\AngelScript\as_thread.h">
      <Filter>AngelScript</Filter>
    </ClInclude>
    <ClInclude Include="..\Source\AngelScript\as_tokendef.h">
      <Filter>AngelScript</Filter>
    </ClInclude>
    <ClInclude Include="..\Source\AngelScript\as_tokenizer.h">
      <Filter>AngelScript</Filter>
    </ClInclude>
    <ClInclude Include="..\Source\AngelScript\as_typeinfo.h">
      <Filter>AngelScript</Filter>
    </ClInclude>
    <ClInclude Include="..\Source\AngelScript\as_variablescope.h">
      <Filter>AngelScript</Filter>
    </ClInclude>
    <ClInclude Include="..\Source\AngelScript\scriptany.h">
      <Filter>AngelScript</Filter>
    </ClInclude>
    <ClInclude Include="..\Source\AngelScript\scriptarray.h">
      <Filter>AngelScript</Filter>
    </ClInclude>
    <ClInclude Include="..\Source\AngelScript\scriptdictionary.h">
      <Filter>AngelScript</Filter>
    </ClInclude>
    <ClInclude Include="..\Source\AngelScript\scriptfile.h">
      <Filter>AngelScript</Filter>
    </ClInclude>
    <ClInclude Include="..\Source\AngelScript\scriptmath.h">
      <Filter>AngelScript</Filter>
    </ClInclude>
    <ClInclude Include="..\Source\AngelScript\scriptstring.h">
      <Filter>AngelScript</Filter>
    </ClInclude>
    <ClInclude Include="..\Source\Debugger.h">
      <Filter>ASCompiler</Filter>
    </ClInclude>
    <ClInclude Include="..\Source\Log.h">
      <Filter>ASCompiler</Filter>
    </ClInclude>
    <ClInclude Include="..\Source\Text.h">
      <Filter>ASCompiler</Filter>
    </ClInclude>
    <ClInclude Include="..\Source\Timer.h">
      <Filter>ASCompiler</Filter>
    </ClInclude>
    <ClInclude Include="..\Source\Common.h">
      <Filter>ASCompiler</Filter>
    </ClInclude>
    <ClInclude Include="..\Source\FileManager.h">
      <Filter>ASCompiler</Filter>
    </ClInclude>
    <ClInclude Include="..\Source\FileSystem.h">
      <Filter>ASCompiler</Filter>
    </ClInclude>
    <ClInclude Include="..\Source\Crypt.h">
      <Filter>ASCompiler</Filter>
    </ClInclude>
    <ClInclude Include="..\Source\IniParser.h">
      <Filter>ASCompiler</Filter>
    </ClInclude>
    <ClInclude Include="..\Source\DataFile.h">
      <Filter>ASCompiler</Filter>
    </ClInclude>
    <ClInclude Include="..\Source\Zlib\crc32.h">
      <Filter>Zlib</Filter>
    </ClInclude>
    <ClInclude Include="..\Source\Zlib\deflate.h">
      <Filter>Zlib</Filter>
    </ClInclude>
    <ClInclude Include="..\Source\Zlib\inffast.h">
      <Filter>Zlib</Filter>
    </ClInclude>
    <ClInclude Include="..\Source\Zlib\inffixed.h">
      <Filter>Zlib</Filter>
    </ClInclude>
    <ClInclude Include="..\Source\Zlib\inflate.h">
      <Filter>Zlib</Filter>
    </ClInclude>
    <ClInclude Include="..\Source\Zlib\inftrees.h">
      <Filter>Zlib</Filter>
    </ClInclude>
    <ClInclude Include="..\Source\Zlib\ioapi.h">
      <Filter>Zlib</Filter>
    </ClInclude>
    <ClInclude Include="..\Source\Zlib\trees.h">
      <Filter>Zlib</Filter>
    </ClInclude>
    <ClInclude Include="..\Source\Zlib\unzip.h">
      <Filter>Zlib</Filter>
    </ClInclude>
    <ClInclude Include="..\Source\Zlib\zconf.h">
      <Filter>Zlib</Filter>
    </ClInclude>
    <ClInclude Include="..\Source\Zlib\zlib.h">
      <Filter>Zlib</Filter>
    </ClInclude>
    <ClInclude Include="..\Source\Zlib\zutil.h">
      <Filter>Zlib</Filter>
    </ClInclude>
    <ClInclude Include="..\Source\SHA2\sha2.h">
      <Filter>SHA2</Filter>
    </ClInclude>
    <ClInclude Include="..\Source\AngelScript\as_symboltable.h">
      <Filter>AngelScript</Filter>
    </ClInclude>
    <ClInclude Include="..\Source\AngelScript\preprocessor.h">
      <Filter>AngelScript</Filter>
    </ClInclude>
  </ItemGroup>
  <ItemGroup>
    <ClCompile Include="..\Source\ASCompiler.cpp">
      <Filter>ASCompiler</Filter>
    </ClCompile>
    <ClCompile Include="..\Source\ScriptPragmas.cpp">
      <Filter>ASCompiler</Filter>
    </ClCompile>
    <ClCompile Include="..\Source\AngelScript\as_atomic.cpp">
      <Filter>AngelScript</Filter>
    </ClCompile>
    <ClCompile Include="..\Source\AngelScript\as_builder.cpp">
      <Filter>AngelScript</Filter>
    </ClCompile>
    <ClCompile Include="..\Source\AngelScript\as_bytecode.cpp">
      <Filter>AngelScript</Filter>
    </ClCompile>
    <ClCompile Include="..\Source\AngelScript\as_callfunc.cpp">
      <Filter>AngelScript</Filter>
    </ClCompile>
    <ClCompile Include="..\Source\AngelScript\as_callfunc_x64_gcc.cpp">
      <Filter>AngelScript</Filter>
    </ClCompile>
    <ClCompile Include="..\Source\AngelScript\as_callfunc_x64_msvc.cpp">
      <Filter>AngelScript</Filter>
    </ClCompile>
    <ClCompile Include="..\Source\AngelScript\as_callfunc_x86.cpp">
      <Filter>AngelScript</Filter>
    </ClCompile>
    <ClCompile Include="..\Source\AngelScript\as_compiler.cpp">
      <Filter>AngelScript</Filter>
    </ClCompile>
    <ClCompile Include="..\Source\AngelScript\as_configgroup.cpp">
      <Filter>AngelScript</Filter>
    </ClCompile>
    <ClCompile Include="..\Source\AngelScript\as_context.cpp">
      <Filter>AngelScript</Filter>
    </ClCompile>
    <ClCompile Include="..\Source\AngelScript\as_datatype.cpp">
      <Filter>AngelScript</Filter>
    </ClCompile>
    <ClCompile Include="..\Source\AngelScript\as_gc.cpp">
      <Filter>AngelScript</Filter>
    </ClCompile>
    <ClCompile Include="..\Source\AngelScript\as_generic.cpp">
      <Filter>AngelScript</Filter>
    </ClCompile>
    <ClCompile Include="..\Source\AngelScript\as_globalproperty.cpp">
      <Filter>AngelScript</Filter>
    </ClCompile>
    <ClCompile Include="..\Source\AngelScript\as_memory.cpp">
      <Filter>AngelScript</Filter>
    </ClCompile>
    <ClCompile Include="..\Source\AngelScript\as_module.cpp">
      <Filter>AngelScript</Filter>
    </ClCompile>
    <ClCompile Include="..\Source\AngelScript\as_objecttype.cpp">
      <Filter>AngelScript</Filter>
    </ClCompile>
    <ClCompile Include="..\Source\AngelScript\as_outputbuffer.cpp">
      <Filter>AngelScript</Filter>
    </ClCompile>
    <ClCompile Include="..\Source\AngelScript\as_parser.cpp">
      <Filter>AngelScript</Filter>
    </ClCompile>
    <ClCompile Include="..\Source\AngelScript\as_restore.cpp">
      <Filter>AngelScript</Filter>
    </ClCompile>
    <ClCompile Include="..\Source\AngelScript\as_scriptcode.cpp">
      <Filter>AngelScript</Filter>
    </ClCompile>
    <ClCompile Include="..\Source\AngelScript\as_scriptengine.cpp">
      <Filter>AngelScript</Filter>
    </ClCompile>
    <ClCompile Include="..\Source\AngelScript\as_scriptfunction.cpp">
      <Filter>AngelScript</Filter>
    </ClCompile>
    <ClCompile Include="..\Source\AngelScript\as_scriptnode.cpp">
      <Filter>AngelScript</Filter>
    </ClCompile>
    <ClCompile Include="..\Source\AngelScript\as_scriptobject.cpp">
      <Filter>AngelScript</Filter>
    </ClCompile>
    <ClCompile Include="..\Source\AngelScript\as_string.cpp">
      <Filter>AngelScript</Filter>
    </ClCompile>
    <ClCompile Include="..\Source\AngelScript\as_string_util.cpp">
      <Filter>AngelScript</Filter>
    </ClCompile>
    <ClCompile Include="..\Source\AngelScript\as_thread.cpp">
      <Filter>AngelScript</Filter>
    </ClCompile>
    <ClCompile Include="..\Source\AngelScript\as_tokenizer.cpp">
      <Filter>AngelScript</Filter>
    </ClCompile>
    <ClCompile Include="..\Source\AngelScript\as_typeinfo.cpp">
      <Filter>AngelScript</Filter>
    </ClCompile>
    <ClCompile Include="..\Source\AngelScript\as_variablescope.cpp">
      <Filter>AngelScript</Filter>
    </ClCompile>
    <ClCompile Include="..\Source\AngelScript\scriptany.cpp">
      <Filter>AngelScript</Filter>
    </ClCompile>
    <ClCompile Include="..\Source\AngelScript\scriptarray.cpp">
      <Filter>AngelScript</Filter>
    </ClCompile>
    <ClCompile Include="..\Source\AngelScript\scriptdictionary.cpp">
      <Filter>AngelScript</Filter>
    </ClCompile>
    <ClCompile Include="..\Source\AngelScript\scriptfile.cpp">
      <Filter>AngelScript</Filter>
    </ClCompile>
    <ClCompile Include="..\Source\AngelScript\scriptmath.cpp">
      <Filter>AngelScript</Filter>
    </ClCompile>
    <ClCompile Include="..\Source\AngelScript\scriptstring.cpp">
      <Filter>AngelScript</Filter>
    </ClCompile>
    <ClCompile Include="..\Source\Debugger.cpp">
      <Filter>ASCompiler</Filter>
    </ClCompile>
    <ClCompile Include="..\Source\Log.cpp">
      <Filter>ASCompiler</Filter>
    </ClCompile>
    <ClCompile Include="..\Source\Text.cpp">
      <Filter>ASCompiler</Filter>
    </ClCompile>
    <ClCompile Include="..\Source\Timer.cpp">
      <Filter>ASCompiler</Filter>
    </ClCompile>
    <ClCompile Include="..\Source\Common.cpp">
      <Filter>ASCompiler</Filter>
    </ClCompile>
    <ClCompile Include="..\Source\FileManager.cpp">
      <Filter>ASCompiler</Filter>
    </ClCompile>
    <ClCompile Include="..\Source\FileSystem.cpp">
      <Filter>ASCompiler</Filter>
    </ClCompile>
    <ClCompile Include="..\Source\Crypt.cpp">
      <Filter>ASCompiler</Filter>
    </ClCompile>
    <ClCompile Include="..\Source\IniParser.cpp">
      <Filter>ASCompiler</Filter>
    </ClCompile>
    <ClCompile Include="..\Source\DataFile.cpp">
      <Filter>ASCompiler</Filter>
    </ClCompile>
    <ClCompile Include="..\Source\Zlib\adler32.c">
      <Filter>Zlib</Filter>
    </ClCompile>
    <ClCompile Include="..\Source\Zlib\compress.c">
      <Filter>Zlib</Filter>
    </ClCompile>
    <ClCompile Include="..\Source\Zlib\crc32.c">
      <Filter>Zlib</Filter>
    </ClCompile>
    <ClCompile Include="..\Source\Zlib\deflate.c">
      <Filter>Zlib</Filter>
    </ClCompile>
    <ClCompile Include="..\Source\Zlib\infback.c">
      <Filter>Zlib</Filter>
    </ClCompile>
    <ClCompile Include="..\Source\Zlib\inffast.c">
      <Filter>Zlib</Filter>
    </ClCompile>
    <ClCompile Include="..\Source\Zlib\inflate.c">
      <Filter>Zlib</Filter>
    </ClCompile>
    <ClCompile Include="..\Source\Zlib\inftrees.c">
      <Filter>Zlib</Filter>
    </ClCompile>
    <ClCompile Include="..\Source\Zlib\ioapi.c">
      <Filter>Zlib</Filter>
    </ClCompile>
    <ClCompile Include="..\Source\Zlib\trees.c">
      <Filter>Zlib</Filter>
    </ClCompile>
    <ClCompile Include="..\Source\Zlib\uncompr.c">
      <Filter>Zlib</Filter>
    </ClCompile>
    <ClCompile Include="..\Source\Zlib\unzip.c">
      <Filter>Zlib</Filter>
    </ClCompile>
    <ClCompile Include="..\Source\Zlib\zutil.c">
      <Filter>Zlib</Filter>
    </ClCompile>
    <ClCompile Include="..\Source\SHA2\sha2.c">
      <Filter>SHA2</Filter>
    </ClCompile>
    <ClCompile Include="..\Source\AngelScript\preprocessor.cpp">
      <Filter>AngelScript</Filter>
    </ClCompile>
  </ItemGroup>
  <ItemGroup>
    <None Include="..\Source\AngelScript\as_callfunc_x64_msvc.asm">
      <Filter>AngelScript</Filter>
    </None>
  </ItemGroup>
</Project>