<?xml version="1.0" encoding="UTF-8" standalone="yes" ?>
<CodeBlocks_project_file>
	<FileVersion major="1" minor="6" />
	<Project>
		<Option title="ASCompiler" />
		<Option pch_mode="2" />
		<Option compiler="gcc" />
		<Build>
			<Target title="Release">
				<Option output="../../sdk/Tools/ASCompiler/ASCompiler" prefix_auto="1" extension_auto="1" />
				<Option object_output="obj/Release/" />
				<Option type="1" />
				<Option compiler="gcc" />
				<Compiler>
					<Add option="-O2" />
					<Add option="-DNDEBUG" />
					<Add option="-DFONLINE_SCRIPT_COMPILER" />
				</Compiler>
			</Target>
		</Build>
		<Compiler>
			<Add option="-std=gnu++0x" />
			<Add option="-W" />
			<Add option="-Wno-invalid-offsetof" />
			<Add option="-Wno-unused-result" />
			<Add directory="../Source/StlPort" />
			<Add directory="../Source" />
		</Compiler>
		<Linker>
			<Add option="-rdynamic" />
			<Add option="-ldl" />
			<Add option="-lrt" />
			<Add option="-lstlport" />
			<Add directory="../Lib/Linux" />
		</Linker>
		<Unit filename="ScriptEngine.h" />
		<Unit filename="../Source/ASCompiler.cpp" />
		<Unit filename="../Source/AngelScript/Preprocessor/define_table.h" />
		<Unit filename="../Source/AngelScript/Preprocessor/lex.cpp" />
		<Unit filename="../Source/AngelScript/Preprocessor/lex.h" />
		<Unit filename="../Source/AngelScript/Preprocessor/lexem_list.cpp" />
		<Unit filename="../Source/AngelScript/Preprocessor/lexem_list.h" />
		<Unit filename="../Source/AngelScript/Preprocessor/line_number_translator.h" />
		<Unit filename="../Source/AngelScript/Preprocessor/pragma.h" />
		<Unit filename="../Source/AngelScript/Preprocessor/preprocess.cpp" />
		<Unit filename="../Source/AngelScript/Preprocessor/preprocess.h" />
		<Unit filename="../Source/AngelScript/Preprocessor/stream.h" />
		<Unit filename="../Source/AngelScript/angelscript.h" />
		<Unit filename="../Source/AngelScript/as_array.h" />
		<Unit filename="../Source/AngelScript/as_atomic.cpp" />
		<Unit filename="../Source/AngelScript/as_atomic.h" />
		<Unit filename="../Source/AngelScript/as_builder.cpp" />
		<Unit filename="../Source/AngelScript/as_builder.h" />
		<Unit filename="../Source/AngelScript/as_bytecode.cpp" />
		<Unit filename="../Source/AngelScript/as_bytecode.h" />
		<Unit filename="../Source/AngelScript/as_callfunc.cpp" />
		<Unit filename="../Source/AngelScript/as_callfunc.h" />
		<Unit filename="../Source/AngelScript/as_callfunc_x64_gcc.cpp" />
		<Unit filename="../Source/AngelScript/as_callfunc_x64_msvc.asm" />
		<Unit filename="../Source/AngelScript/as_callfunc_x64_msvc.cpp" />
		<Unit filename="../Source/AngelScript/as_callfunc_x86.cpp" />
		<Unit filename="../Source/AngelScript/as_compiler.cpp" />
		<Unit filename="../Source/AngelScript/as_compiler.h" />
		<Unit filename="../Source/AngelScript/as_config.h" />
		<Unit filename="../Source/AngelScript/as_configgroup.cpp" />
		<Unit filename="../Source/AngelScript/as_configgroup.h" />
		<Unit filename="../Source/AngelScript/as_context.cpp" />
		<Unit filename="../Source/AngelScript/as_context.h" />
		<Unit filename="../Source/AngelScript/as_criticalsection.h" />
		<Unit filename="../Source/AngelScript/as_datatype.cpp" />
		<Unit filename="../Source/AngelScript/as_datatype.h" />
		<Unit filename="../Source/AngelScript/as_debug.h" />
		<Unit filename="../Source/AngelScript/as_gc.cpp" />
		<Unit filename="../Source/AngelScript/as_gc.h" />
		<Unit filename="../Source/AngelScript/as_generic.cpp" />
		<Unit filename="../Source/AngelScript/as_generic.h" />
		<Unit filename="../Source/AngelScript/as_globalproperty.cpp" />
		<Unit filename="../Source/AngelScript/as_map.h" />
		<Unit filename="../Source/AngelScript/as_memory.cpp" />
		<Unit filename="../Source/AngelScript/as_memory.h" />
		<Unit filename="../Source/AngelScript/as_module.cpp" />
		<Unit filename="../Source/AngelScript/as_module.h" />
		<Unit filename="../Source/AngelScript/as_objecttype.cpp" />
		<Unit filename="../Source/AngelScript/as_objecttype.h" />
		<Unit filename="../Source/AngelScript/as_outputbuffer.cpp" />
		<Unit filename="../Source/AngelScript/as_outputbuffer.h" />
		<Unit filename="../Source/AngelScript/as_parser.cpp" />
		<Unit filename="../Source/AngelScript/as_parser.h" />
		<Unit filename="../Source/AngelScript/as_property.h" />
		<Unit filename="../Source/AngelScript/as_restore.cpp" />
		<Unit filename="../Source/AngelScript/as_restore.h" />
		<Unit filename="../Source/AngelScript/as_scriptcode.cpp" />
		<Unit filename="../Source/AngelScript/as_scriptcode.h" />
		<Unit filename="../Source/AngelScript/as_scriptengine.cpp" />
		<Unit filename="../Source/AngelScript/as_scriptengine.h" />
		<Unit filename="../Source/AngelScript/as_scriptfunction.cpp" />
		<Unit filename="../Source/AngelScript/as_scriptfunction.h" />
		<Unit filename="../Source/AngelScript/as_scriptnode.cpp" />
		<Unit filename="../Source/AngelScript/as_scriptnode.h" />
		<Unit filename="../Source/AngelScript/as_scriptobject.cpp" />
		<Unit filename="../Source/AngelScript/as_scriptobject.h" />
		<Unit filename="../Source/AngelScript/as_string.cpp" />
		<Unit filename="../Source/AngelScript/as_string.h" />
		<Unit filename="../Source/AngelScript/as_string_util.cpp" />
		<Unit filename="../Source/AngelScript/as_string_util.h" />
		<Unit filename="../Source/AngelScript/as_texts.h" />
		<Unit filename="../Source/AngelScript/as_thread.cpp" />
		<Unit filename="../Source/AngelScript/as_thread.h" />
		<Unit filename="../Source/AngelScript/as_tokendef.h" />
		<Unit filename="../Source/AngelScript/as_tokenizer.cpp" />
		<Unit filename="../Source/AngelScript/as_tokenizer.h" />
		<Unit filename="../Source/AngelScript/as_typeinfo.cpp" />
		<Unit filename="../Source/AngelScript/as_typeinfo.h" />
		<Unit filename="../Source/AngelScript/as_variablescope.cpp" />
		<Unit filename="../Source/AngelScript/as_variablescope.h" />
		<Unit filename="../Source/AngelScript/scriptany.cpp" />
		<Unit filename="../Source/AngelScript/scriptany.h" />
		<Unit filename="../Source/AngelScript/scriptarray.cpp" />
		<Unit filename="../Source/AngelScript/scriptarray.h" />
		<Unit filename="../Source/AngelScript/scriptdictionary.cpp" />
		<Unit filename="../Source/AngelScript/scriptdictionary.h" />
		<Unit filename="../Source/AngelScript/scriptfile.cpp" />
		<Unit filename="../Source/AngelScript/scriptfile.h" />
		<Unit filename="../Source/AngelScript/scriptmath.cpp" />
		<Unit filename="../Source/AngelScript/scriptmath.h" />
		<Unit filename="../Source/AngelScript/scriptstring.cpp" />
		<Unit filename="../Source/AngelScript/scriptstring.h" />
		<Unit filename="../Source/Common.cpp" />
		<Unit filename="../Source/Common.h" />
		<Unit filename="../Source/Crypt.cpp" />
		<Unit filename="../Source/Crypt.h" />
		<Unit filename="../Source/DatFile/cfile.cpp" />
		<Unit filename="../Source/DatFile/cfile.h" />
		<Unit filename="../Source/DatFile/unlzss.cpp" />
		<Unit filename="../Source/DatFile/unlzss.h" />
		<Unit filename="../Source/DataFile.cpp" />
		<Unit filename="../Source/DataFile.h" />
		<Unit filename="../Source/Debugger.cpp" />
		<Unit filename="../Source/Debugger.h" />
		<Unit filename="../Source/DummyData.h" />
		<Unit filename="../Source/FileManager.cpp" />
		<Unit filename="../Source/FileManager.h" />
		<Unit filename="../Source/FileSystem.cpp" />
		<Unit filename="../Source/FileSystem.h" />
		<Unit filename="../Source/IniParser.cpp" />
		<Unit filename="../Source/IniParser.h" />
		<Unit filename="../Source/Log.cpp" />
		<Unit filename="../Source/Log.h" />
		<Unit filename="../Source/SHA2/sha2.c">
			<Option compilerVar="CC" />
		</Unit>
		<Unit filename="../Source/SHA2/sha2.h" />
		<Unit filename="../Source/ScriptBind.h" />
		<Unit filename="../Source/ScriptPragmas.cpp" />
		<Unit filename="../Source/ScriptPragmas.h" />
		<Unit filename="../Source/Text.cpp" />
		<Unit filename="../Source/Text.h" />
		<Unit filename="../Source/Timer.cpp" />
		<Unit filename="../Source/Timer.h" />
		<Unit filename="../Source/Zlib/adler32.c">
			<Option compilerVar="CC" />
		</Unit>
		<Unit filename="../Source/Zlib/compress.c">
			<Option compilerVar="CC" />
		</Unit>
		<Unit filename="../Source/Zlib/crc32.c">
			<Option compilerVar="CC" />
		</Unit>
		<Unit filename="../Source/Zlib/crc32.h" />
		<Unit filename="../Source/Zlib/deflate.c">
			<Option compilerVar="CC" />
		</Unit>
		<Unit filename="../Source/Zlib/deflate.h" />
		<Unit filename="../Source/Zlib/infback.c">
			<Option compilerVar="CC" />
		</Unit>
		<Unit filename="../Source/Zlib/inffast.c">
			<Option compilerVar="CC" />
		</Unit>
		<Unit filename="../Source/Zlib/inffast.h" />
		<Unit filename="../Source/Zlib/inffixed.h" />
		<Unit filename="../Source/Zlib/inflate.c">
			<Option compilerVar="CC" />
		</Unit>
		<Unit filename="../Source/Zlib/inflate.h" />
		<Unit filename="../Source/Zlib/inftrees.c">
			<Option compilerVar="CC" />
		</Unit>
		<Unit filename="../Source/Zlib/inftrees.h" />
		<Unit filename="../Source/Zlib/ioapi.c">
			<Option compilerVar="CC" />
		</Unit>
		<Unit filename="../Source/Zlib/ioapi.h" />
		<Unit filename="../Source/Zlib/trees.c">
			<Option compilerVar="CC" />
		</Unit>
		<Unit filename="../Source/Zlib/trees.h" />
		<Unit filename="../Source/Zlib/uncompr.c">
			<Option compilerVar="CC" />
		</Unit>
		<Unit filename="../Source/Zlib/unzip.c">
			<Option compilerVar="CC" />
		</Unit>
		<Unit filename="../Source/Zlib/unzip.h" />
		<Unit filename="../Source/Zlib/zconf.h" />
		<Unit filename="../Source/Zlib/zlib.h" />
		<Unit filename="../Source/Zlib/zutil.c">
			<Option compilerVar="CC" />
		</Unit>
		<Unit filename="../Source/Zlib/zutil.h" />
		<Extensions>
			<code_completion />
			<debugger />
		</Extensions>
	</Project>
</CodeBlocks_project_file>
