<?xml version="1.0" encoding="utf-8"?>
<Project ToolsVersion="4.0" xmlns="http://schemas.microsoft.com/developer/msbuild/2003">
  <ItemGroup>
    <Filter Include="ASCompiler">
      <UniqueIdentifier>{4FC737F1-C7A5-4376-A066-2A32D752A2FF}</UniqueIdentifier>
      <Extensions>cpp;c;cc;cxx;def;odl;idl;hpj;bat;asm;asmx</Extensions>
    </Filter>
    <Filter Include="AngelScript">
      <UniqueIdentifier>{b74489d1-9081-4a2b-bc85-8faa85f671d0}</UniqueIdentifier>
    </Filter>
    <Filter Include="AngelScript\Preprocessor">
      <UniqueIdentifier>{6ae2f8ac-5ce7-42eb-830d-366acaf4dc98}</UniqueIdentifier>
    </Filter>
  </ItemGroup>
  <ItemGroup>
    <ClInclude Include="ScriptEngine.h">
      <Filter>ASCompiler</Filter>
    </ClInclude>
    <ClInclude Include="..\Source\DummyData.h">
      <Filter>ASCompiler</Filter>
    </ClInclude>
    <ClInclude Include="..\Source\ScriptBind.h">
      <Filter>ASCompiler</Filter>
    </ClInclude>
    <ClInclude Include="..\Source\ScriptPragmas.h">
      <Filter>ASCompiler</Filter>
    </ClInclude>
    <ClInclude Include="..\Source\AngelScript\Preprocessor\define_table.h">
      <Filter>AngelScript\Preprocessor</Filter>
    </ClInclude>
    <ClInclude Include="..\Source\AngelScript\Preprocessor\lex.h">
      <Filter>AngelScript\Preprocessor</Filter>
    </ClInclude>
    <ClInclude Include="..\Source\AngelScript\Preprocessor\lexem_list.h">
      <Filter>AngelScript\Preprocessor</Filter>
    </ClInclude>
    <ClInclude Include="..\Source\AngelScript\Preprocessor\line_number_translator.h">
      <Filter>AngelScript\Preprocessor</Filter>
    </ClInclude>
    <ClInclude Include="..\Source\AngelScript\Preprocessor\pragma.h">
      <Filter>AngelScript\Preprocessor</Filter>
    </ClInclude>
    <ClInclude Include="..\Source\AngelScript\Preprocessor\preprocess.h">
      <Filter>AngelScript\Preprocessor</Filter>
    </ClInclude>
    <ClInclude Include="..\Source\AngelScript\Preprocessor\stream.h">
      <Filter>AngelScript\Preprocessor</Filter>
    </ClInclude>
    <ClInclude Include="..\Source\AngelScript\angelscript.h">
      <Filter>AngelScript</Filter>
    </ClInclude>
    <ClInclude Include="..\Source\AngelScript\as_array.h">
      <Filter>AngelScript</Filter>
    </ClInclude>
    <ClInclude Include="..\Source\AngelScript\as_atomic.h">
      <Filter>AngelScript</Filter>
    </ClInclude>
    <ClInclude Include="..\Source\AngelScript\as_builder.h">
      <Filter>AngelScript</Filter>
    </ClInclude>
    <ClInclude Include="..\Source\AngelScript\as_bytecode.h">
      <Filter>AngelScript</Filter>
    </ClInclude>
    <ClInclude Include="..\Source\AngelScript\as_callfunc.h">
      <Filter>AngelScript</Filter>
    </ClInclude>
    <ClInclude Include="..\Source\AngelScript\as_compiler.h">
      <Filter>AngelScript</Filter>
    </ClInclude>
    <ClInclude Include="..\Source\AngelScript\as_config.h">
      <Filter>AngelScript</Filter>
    </ClInclude>
    <ClInclude Include="..\Source\AngelScript\as_configgroup.h">
      <Filter>AngelScript</Filter>
    </ClInclude>
    <ClInclude Include="..\Source\AngelScript\as_context.h">
      <Filter>AngelScript</Filter>
    </ClInclude>
    <ClInclude Include="..\Source\AngelScript\as_criticalsection.h">
      <Filter>AngelScript</Filter>
    </ClInclude>
    <ClInclude Include="..\Source\AngelScript\as_datatype.h">
      <Filter>AngelScript</Filter>
    </ClInclude>
    <ClInclude Include="..\Source\AngelScript\as_debug.h">
      <Filter>AngelScript</Filter>
    </ClInclude>
    <ClInclude Include="..\Source\AngelScript\as_gc.h">
      <Filter>AngelScript</Filter>
    </ClInclude>
    <ClInclude Include="..\Source\AngelScript\as_generic.h">
      <Filter>AngelScript</Filter>
    </ClInclude>
    <ClInclude Include="..\Source\AngelScript\as_map.h">
      <Filter>AngelScript</Filter>
    </ClInclude>
    <ClInclude Include="..\Source\AngelScript\as_memory.h">
      <Filter>AngelScript</Filter>
    </ClInclude>
    <ClInclude Include="..\Source\AngelScript\as_module.h">
      <Filter>AngelScript</Filter>
    </ClInclude>
    <ClInclude Include="..\Source\AngelScript\as_objecttype.h">
      <Filter>AngelScript</Filter>
    </ClInclude>
    <ClInclude Include="..\Source\AngelScript\as_outputbuffer.h">
      <Filter>AngelScript</Filter>
    </ClInclude>
    <ClInclude Include="..\Source\AngelScript\as_parser.h">
      <Filter>AngelScript</Filter>
    </ClInclude>
    <ClInclude Include="..\Source\AngelScript\as_property.h">
      <Filter>AngelScript</Filter>
    </ClInclude>
    <ClInclude Include="..\Source\AngelScript\as_restore.h">
      <Filter>AngelScript</Filter>
    </ClInclude>
    <ClInclude Include="..\Source\AngelScript\as_scriptcode.h">
      <Filter>AngelScript</Filter>
    </ClInclude>
    <ClInclude Include="..\Source\AngelScript\as_scriptengine.h">
      <Filter>AngelScript</Filter>
    </ClInclude>
    <ClInclude Include="..\Source\AngelScript\as_scriptfunction.h">
      <Filter>AngelScript</Filter>
    </ClInclude>
    <ClInclude Include="..\Source\AngelScript\as_scriptnode.h">
      <Filter>AngelScript</Filter>
    </ClInclude>
    <ClInclude Include="..\Source\AngelScript\as_scriptobject.h">
      <Filter>AngelScript</Filter>
    </ClInclude>
    <ClInclude Include="..\Source\AngelScript\as_string.h">
      <Filter>AngelScript</Filter>
    </ClInclude>
    <ClInclude Include="..\Source\AngelScript\as_string_util.h">
      <Filter>AngelScript</Filter>
    </ClInclude>
    <ClInclude Include="..\Source\AngelScript\as_texts.h">
      <Filter>AngelScript</Filter>
    </ClInclude>
    <ClInclude Include="..\Source\AngelScript\as_thread.h">
      <Filter>AngelScript</Filter>
    </ClInclude>
    <ClInclude Include="..\Source\AngelScript\as_tokendef.h">
      <Filter>AngelScript</Filter>
    </ClInclude>
    <ClInclude Include="..\Source\AngelScript\as_tokenizer.h">
      <Filter>AngelScript</Filter>
    </ClInclude>
    <ClInclude Include="..\Source\AngelScript\as_typeinfo.h">
      <Filter>AngelScript</Filter>
    </ClInclude>
    <ClInclude Include="..\Source\AngelScript\as_variablescope.h">
      <Filter>AngelScript</Filter>
    </ClInclude>
    <ClInclude Include="..\Source\AngelScript\scriptany.h">
      <Filter>AngelScript</Filter>
    </ClInclude>
    <ClInclude Include="..\Source\AngelScript\scriptarray.h">
      <Filter>AngelScript</Filter>
    </ClInclude>
    <ClInclude Include="..\Source\AngelScript\scriptdictionary.h">
      <Filter>AngelScript</Filter>
    </ClInclude>
    <ClInclude Include="..\Source\AngelScript\scriptfile.h">
      <Filter>AngelScript</Filter>
    </ClInclude>
    <ClInclude Include="..\Source\AngelScript\scriptmath.h">
      <Filter>AngelScript</Filter>
    </ClInclude>
    <ClInclude Include="..\Source\AngelScript\scriptmath3d.h">
      <Filter>AngelScript</Filter>
    </ClInclude>
    <ClInclude Include="..\Source\AngelScript\scriptstring.h">
      <Filter>AngelScript</Filter>
    </ClInclude>
  </ItemGroup>
  <ItemGroup>
    <ClCompile Include="..\Source\ASCompiler.cpp">
      <Filter>ASCompiler</Filter>
    </ClCompile>
    <ClCompile Include="..\Source\ScriptPragmas.cpp">
      <Filter>ASCompiler</Filter>
    </ClCompile>
    <ClCompile Include="..\Source\AngelScript\Preprocessor\lex.cpp">
      <Filter>AngelScript\Preprocessor</Filter>
    </ClCompile>
    <ClCompile Include="..\Source\AngelScript\Preprocessor\lexem_list.cpp">
      <Filter>AngelScript\Preprocessor</Filter>
    </ClCompile>
    <ClCompile Include="..\Source\AngelScript\Preprocessor\preprocess.cpp">
      <Filter>AngelScript\Preprocessor</Filter>
    </ClCompile>
    <ClCompile Include="..\Source\AngelScript\as_atomic.cpp">
      <Filter>AngelScript</Filter>
    </ClCompile>
    <ClCompile Include="..\Source\AngelScript\as_builder.cpp">
      <Filter>AngelScript</Filter>
    </ClCompile>
    <ClCompile Include="..\Source\AngelScript\as_bytecode.cpp">
      <Filter>AngelScript</Filter>
    </ClCompile>
    <ClCompile Include="..\Source\AngelScript\as_callfunc.cpp">
      <Filter>AngelScript</Filter>
    </ClCompile>
    <ClCompile Include="..\Source\AngelScript\as_callfunc_x64_gcc.cpp">
      <Filter>AngelScript</Filter>
    </ClCompile>
    <ClCompile Include="..\Source\AngelScript\as_callfunc_x64_msvc.cpp">
      <Filter>AngelScript</Filter>
    </ClCompile>
    <ClCompile Include="..\Source\AngelScript\as_callfunc_x86.cpp">
      <Filter>AngelScript</Filter>
    </ClCompile>
    <ClCompile Include="..\Source\AngelScript\as_compiler.cpp">
      <Filter>AngelScript</Filter>
    </ClCompile>
    <ClCompile Include="..\Source\AngelScript\as_configgroup.cpp">
      <Filter>AngelScript</Filter>
    </ClCompile>
    <ClCompile Include="..\Source\AngelScript\as_context.cpp">
      <Filter>AngelScript</Filter>
    </ClCompile>
    <ClCompile Include="..\Source\AngelScript\as_datatype.cpp">
      <Filter>AngelScript</Filter>
    </ClCompile>
    <ClCompile Include="..\Source\AngelScript\as_gc.cpp">
      <Filter>AngelScript</Filter>
    </ClCompile>
    <ClCompile Include="..\Source\AngelScript\as_generic.cpp">
      <Filter>AngelScript</Filter>
    </ClCompile>
    <ClCompile Include="..\Source\AngelScript\as_globalproperty.cpp">
      <Filter>AngelScript</Filter>
    </ClCompile>
    <ClCompile Include="..\Source\AngelScript\as_memory.cpp">
      <Filter>AngelScript</Filter>
    </ClCompile>
    <ClCompile Include="..\Source\AngelScript\as_module.cpp">
      <Filter>AngelScript</Filter>
    </ClCompile>
    <ClCompile Include="..\Source\AngelScript\as_objecttype.cpp">
      <Filter>AngelScript</Filter>
    </ClCompile>
    <ClCompile Include="..\Source\AngelScript\as_outputbuffer.cpp">
      <Filter>AngelScript</Filter>
    </ClCompile>
    <ClCompile Include="..\Source\AngelScript\as_parser.cpp">
      <Filter>AngelScript</Filter>
    </ClCompile>
    <ClCompile Include="..\Source\AngelScript\as_restore.cpp">
      <Filter>AngelScript</Filter>
    </ClCompile>
    <ClCompile Include="..\Source\AngelScript\as_scriptcode.cpp">
      <Filter>AngelScript</Filter>
    </ClCompile>
    <ClCompile Include="..\Source\AngelScript\as_scriptengine.cpp">
      <Filter>AngelScript</Filter>
    </ClCompile>
    <ClCompile Include="..\Source\AngelScript\as_scriptfunction.cpp">
      <Filter>AngelScript</Filter>
    </ClCompile>
    <ClCompile Include="..\Source\AngelScript\as_scriptnode.cpp">
      <Filter>AngelScript</Filter>
    </ClCompile>
    <ClCompile Include="..\Source\AngelScript\as_scriptobject.cpp">
      <Filter>AngelScript</Filter>
    </ClCompile>
    <ClCompile Include="..\Source\AngelScript\as_string.cpp">
      <Filter>AngelScript</Filter>
    </ClCompile>
    <ClCompile Include="..\Source\AngelScript\as_string_util.cpp">
      <Filter>AngelScript</Filter>
    </ClCompile>
    <ClCompile Include="..\Source\AngelScript\as_thread.cpp">
      <Filter>AngelScript</Filter>
    </ClCompile>
    <ClCompile Include="..\Source\AngelScript\as_tokenizer.cpp">
      <Filter>AngelScript</Filter>
    </ClCompile>
    <ClCompile Include="..\Source\AngelScript\as_typeinfo.cpp">
      <Filter>AngelScript</Filter>
    </ClCompile>
    <ClCompile Include="..\Source\AngelScript\as_variablescope.cpp">
      <Filter>AngelScript</Filter>
    </ClCompile>
    <ClCompile Include="..\Source\AngelScript\scriptany.cpp">
      <Filter>AngelScript</Filter>
    </ClCompile>
    <ClCompile Include="..\Source\AngelScript\scriptarray.cpp">
      <Filter>AngelScript</Filter>
    </ClCompile>
    <ClCompile Include="..\Source\AngelScript\scriptdictionary.cpp">
      <Filter>AngelScript</Filter>
    </ClCompile>
    <ClCompile Include="..\Source\AngelScript\scriptfile.cpp">
      <Filter>AngelScript</Filter>
    </ClCompile>
    <ClCompile Include="..\Source\AngelScript\scriptmath.cpp">
      <Filter>AngelScript</Filter>
    </ClCompile>
    <ClCompile Include="..\Source\AngelScript\scriptmath3d.cpp">
      <Filter>AngelScript</Filter>
    </ClCompile>
    <ClCompile Include="..\Source\AngelScript\scriptstring.cpp">
      <Filter>AngelScript</Filter>
    </ClCompile>
    <ClCompile Include="..\Source\AngelScript\scriptstring_utils.cpp">
      <Filter>AngelScript</Filter>
    </ClCompile>
  </ItemGroup>
  <ItemGroup>
    <None Include="..\Source\AngelScript\as_callfunc_x64_msvc.asm">
      <Filter>AngelScript</Filter>
    </None>
  </ItemGroup>
</Project>