<?xml version="1.0" encoding="utf-8"?>
<Project ToolsVersion="4.0" xmlns="http://schemas.microsoft.com/developer/msbuild/2003">
  <ItemGroup>
    <Filter Include="DatFile">
      <UniqueIdentifier>{e1b403f2-2f7f-4882-88fe-33f64be83553}</UniqueIdentifier>
    </Filter>
    <Filter Include="MrFixit">
      <UniqueIdentifier>{93995380-89BD-4b04-88EB-625FBE52EBFB}</UniqueIdentifier>
      <Extensions>h;hpp;hxx;hm;inl;inc;xsd</Extensions>
    </Filter>
    <Filter Include="Resource Files">
      <UniqueIdentifier>{67DA6AB6-F800-4c08-8B7A-83BB121AAD01}</UniqueIdentifier>
      <Extensions>rc;ico;cur;bmp;dlg;rc2;rct;bin;rgs;gif;jpg;jpeg;jpe;resx;tiff;tif;png;wav</Extensions>
    </Filter>
    <Filter Include="Zlib">
      <UniqueIdentifier>{46cf8c23-4ea7-4b34-bf0d-9b030a1a9a81}</UniqueIdentifier>
    </Filter>
    <Filter Include="SHA2">
      <UniqueIdentifier>{4834efa5-91c2-4fa9-8a56-05499ad08b7e}</UniqueIdentifier>
    </Filter>
  </ItemGroup>
  <ItemGroup>
    <ClCompile Include="..\..\Source\DatFile\cfile.cpp">
      <Filter>DatFile</Filter>
    </ClCompile>
    <ClCompile Include="..\..\Source\DatFile\unlzss.cpp">
      <Filter>DatFile</Filter>
    </ClCompile>
    <ClCompile Include="AssemblyInfo.cpp">
      <Filter>MrFixit</Filter>
    </ClCompile>
    <ClCompile Include="..\..\Source\Common.cpp">
      <Filter>MrFixit</Filter>
    </ClCompile>
    <ClCompile Include="..\..\Source\CraftManager.cpp">
      <Filter>MrFixit</Filter>
    </ClCompile>
    <ClCompile Include="..\..\Source\Crypt.cpp">
      <Filter>MrFixit</Filter>
    </ClCompile>
    <ClCompile Include="..\..\Source\DataFile.cpp">
      <Filter>MrFixit</Filter>
    </ClCompile>
    <ClCompile Include="..\..\Source\FileManager.cpp">
      <Filter>MrFixit</Filter>
    </ClCompile>
    <ClCompile Include="..\..\Source\Log.cpp">
      <Filter>MrFixit</Filter>
    </ClCompile>
    <ClCompile Include="MrFixit.cpp">
      <Filter>MrFixit</Filter>
    </ClCompile>
    <ClCompile Include="..\..\Source\StdAfx.cpp">
      <Filter>MrFixit</Filter>
    </ClCompile>
    <ClCompile Include="..\..\Source\Text.cpp">
      <Filter>MrFixit</Filter>
    </ClCompile>
    <ClCompile Include="..\..\Source\Timer.cpp">
      <Filter>MrFixit</Filter>
    </ClCompile>
    <ClCompile Include="..\..\Source\Zlib\adler32.c">
      <Filter>Zlib</Filter>
    </ClCompile>
    <ClCompile Include="..\..\Source\Zlib\compress.c">
      <Filter>Zlib</Filter>
    </ClCompile>
    <ClCompile Include="..\..\Source\Zlib\crc32.c">
      <Filter>Zlib</Filter>
    </ClCompile>
    <ClCompile Include="..\..\Source\Zlib\deflate.c">
      <Filter>Zlib</Filter>
    </ClCompile>
    <ClCompile Include="..\..\Source\Zlib\gzclose.c">
      <Filter>Zlib</Filter>
    </ClCompile>
    <ClCompile Include="..\..\Source\Zlib\gzlib.c">
      <Filter>Zlib</Filter>
    </ClCompile>
    <ClCompile Include="..\..\Source\Zlib\gzread.c">
      <Filter>Zlib</Filter>
    </ClCompile>
    <ClCompile Include="..\..\Source\Zlib\gzwrite.c">
      <Filter>Zlib</Filter>
    </ClCompile>
    <ClCompile Include="..\..\Source\Zlib\infback.c">
      <Filter>Zlib</Filter>
    </ClCompile>
    <ClCompile Include="..\..\Source\Zlib\inffast.c">
      <Filter>Zlib</Filter>
    </ClCompile>
    <ClCompile Include="..\..\Source\Zlib\inflate.c">
      <Filter>Zlib</Filter>
    </ClCompile>
    <ClCompile Include="..\..\Source\Zlib\inftrees.c">
      <Filter>Zlib</Filter>
    </ClCompile>
    <ClCompile Include="..\..\Source\Zlib\ioapi.c">
      <Filter>Zlib</Filter>
    </ClCompile>
    <ClCompile Include="..\..\Source\Zlib\trees.c">
      <Filter>Zlib</Filter>
    </ClCompile>
    <ClCompile Include="..\..\Source\Zlib\uncompr.c">
      <Filter>Zlib</Filter>
    </ClCompile>
    <ClCompile Include="..\..\Source\Zlib\unzip.c">
      <Filter>Zlib</Filter>
    </ClCompile>
    <ClCompile Include="..\..\Source\Zlib\zutil.c">
      <Filter>Zlib</Filter>
    </ClCompile>
    <ClCompile Include="..\..\Source\ConstantsManager.cpp">
      <Filter>MrFixit</Filter>
    </ClCompile>
    <ClCompile Include="..\..\Source\IniParser.cpp">
      <Filter>MrFixit</Filter>
    </ClCompile>
    <ClCompile Include="..\..\Source\SHA2\sha2.c">
      <Filter>SHA2</Filter>
    </ClCompile>
    <ClCompile Include="..\..\Source\MsgFiles.cpp">
      <Filter>MrFixit</Filter>
    </ClCompile>
  </ItemGroup>
  <ItemGroup>
    <ClInclude Include="..\..\Source\DatFile\cfile.h">
      <Filter>DatFile</Filter>
    </ClInclude>
    <ClInclude Include="..\..\Source\DatFile\unlzss.h">
      <Filter>DatFile</Filter>
    </ClInclude>
    <ClInclude Include="..\..\Source\Common.h">
      <Filter>MrFixit</Filter>
    </ClInclude>
    <ClInclude Include="..\..\Source\CraftManager.h">
      <Filter>MrFixit</Filter>
    </ClInclude>
    <ClInclude Include="..\..\Source\Crypt.h">
      <Filter>MrFixit</Filter>
    </ClInclude>
    <ClInclude Include="..\..\Source\DataFile.h">
      <Filter>MrFixit</Filter>
    </ClInclude>
    <ClInclude Include="..\..\Source\Defines.h">
      <Filter>MrFixit</Filter>
    </ClInclude>
    <ClInclude Include="..\..\Source\FileManager.h">
      <Filter>MrFixit</Filter>
    </ClInclude>
    <ClInclude Include="Form1.h">
      <Filter>MrFixit</Filter>
    </ClInclude>
    <ClInclude Include="..\..\Source\Log.h">
      <Filter>MrFixit</Filter>
    </ClInclude>
    <ClInclude Include="..\..\Source\StdAfx.h">
      <Filter>MrFixit</Filter>
    </ClInclude>
    <ClInclude Include="..\..\Source\Text.h">
      <Filter>MrFixit</Filter>
    </ClInclude>
    <ClInclude Include="..\..\Source\Timer.h">
      <Filter>MrFixit</Filter>
    </ClInclude>
    <ClInclude Include="resource.h">
      <Filter>Resource Files</Filter>
    </ClInclude>
    <ClInclude Include="..\..\Source\Zlib\crc32.h">
      <Filter>Zlib</Filter>
    </ClInclude>
    <ClInclude Include="..\..\Source\Zlib\deflate.h">
      <Filter>Zlib</Filter>
    </ClInclude>
    <ClInclude Include="..\..\Source\Zlib\gzguts.h">
      <Filter>Zlib</Filter>
    </ClInclude>
    <ClInclude Include="..\..\Source\Zlib\inffast.h">
      <Filter>Zlib</Filter>
    </ClInclude>
    <ClInclude Include="..\..\Source\Zlib\inffixed.h">
      <Filter>Zlib</Filter>
    </ClInclude>
    <ClInclude Include="..\..\Source\Zlib\inflate.h">
      <Filter>Zlib</Filter>
    </ClInclude>
    <ClInclude Include="..\..\Source\Zlib\inftrees.h">
      <Filter>Zlib</Filter>
    </ClInclude>
    <ClInclude Include="..\..\Source\Zlib\ioapi.h">
      <Filter>Zlib</Filter>
    </ClInclude>
    <ClInclude Include="..\..\Source\Zlib\trees.h">
      <Filter>Zlib</Filter>
    </ClInclude>
    <ClInclude Include="..\..\Source\Zlib\unzip.h">
      <Filter>Zlib</Filter>
    </ClInclude>
    <ClInclude Include="..\..\Source\Zlib\zconf.h">
      <Filter>Zlib</Filter>
    </ClInclude>
    <ClInclude Include="..\..\Source\Zlib\zlib.h">
      <Filter>Zlib</Filter>
    </ClInclude>
    <ClInclude Include="..\..\Source\Zlib\zutil.h">
      <Filter>Zlib</Filter>
    </ClInclude>
    <ClInclude Include="..\..\Source\ConstantsManager.h">
      <Filter>MrFixit</Filter>
    </ClInclude>
    <ClInclude Include="..\..\Source\IniParser.h">
      <Filter>MrFixit</Filter>
    </ClInclude>
    <ClInclude Include="..\..\Source\SHA2\sha2.h">
      <Filter>SHA2</Filter>
    </ClInclude>
    <ClInclude Include="..\..\Source\MsgFiles.h">
      <Filter>MrFixit</Filter>
    </ClInclude>
  </ItemGroup>
  <ItemGroup>
    <ResourceCompile Include="app.rc">
      <Filter>Resource Files</Filter>
    </ResourceCompile>
  </ItemGroup>
  <ItemGroup>
    <None Include="MrFixit.ico">
      <Filter>Resource Files</Filter>
    </None>
    <None Include="ReadMe.txt" />
  </ItemGroup>
  <ItemGroup>
    <EmbeddedResource Include="Form1.resX">
      <Filter>Resource Files</Filter>
    </EmbeddedResource>
  </ItemGroup>
</Project>