
Microsoft Visual Studio Solution File, Format Version 9.00
# Visual C++ Express 2005
Project("{8BC9CEB8-8B4A-11D0-8D11-00A0C91BC942}") = "ScriptEditor", "ScriptEditor.vcproj", "{731421D5-6133-48F1-8A3B-946E8913A85E}"
EndProject
Global
	GlobalSection(SolutionConfigurationPlatforms) = preSolution
		Debug|Win32 = Debug|Win32
		Release|Win32 = Release|Win32
	EndGlobalSection
	GlobalSection(ProjectConfigurationPlatforms) = postSolution
		{731421D5-6133-48F1-8A3B-946E8913A85E}.Debug|Win32.ActiveCfg = Debug|Win32
		{731421D5-6133-48F1-8A3B-946E8913A85E}.Debug|Win32.Build.0 = Debug|Win32
		{731421D5-6133-48F1-8A3B-946E8913A85E}.Release|Win32.ActiveCfg = Release|Win32
		{731421D5-6133-48F1-8A3B-946E8913A85E}.Release|Win32.Build.0 = Release|Win32
	EndGlobalSection
	GlobalSection(SolutionProperties) = preSolution
		HideSolutionNode = FALSE
	EndGlobalSection
EndGlobal
