
Microsoft Visual Studio Solution File, Format Version 9.00
# Visual C++ Express 2005
Project("{8BC9CEB8-8B4A-11D0-8D11-00A0C91BC942}") = "World_manager", "World_manager.vcproj", "{D53D1BF2-2A98-4298-85E5-B293FED8EF5F}"
EndProject
Global
	GlobalSection(SolutionConfigurationPlatforms) = preSolution
		Debug|Win32 = Debug|Win32
		Release|Win32 = Release|Win32
	EndGlobalSection
	GlobalSection(ProjectConfigurationPlatforms) = postSolution
		{D53D1BF2-2A98-4298-85E5-B293FED8EF5F}.Debug|Win32.ActiveCfg = Debug|Win32
		{D53D1BF2-2A98-4298-85E5-B293FED8EF5F}.Debug|Win32.Build.0 = Debug|Win32
		{D53D1BF2-2A98-4298-85E5-B293FED8EF5F}.Release|Win32.ActiveCfg = Release|Win32
		{D53D1BF2-2A98-4298-85E5-B293FED8EF5F}.Release|Win32.Build.0 = Release|Win32
	EndGlobalSection
	GlobalSection(SolutionProperties) = preSolution
		HideSolutionNode = FALSE
	EndGlobalSection
EndGlobal
