<?xml version="1.0" encoding="UTF-8" standalone="yes" ?>
<CodeBlocks_project_file>
	<FileVersion major="1" minor="6" />
	<Project>
		<Option title="Mapper" />
		<Option pch_mode="2" />
		<Option compiler="gcc" />
		<Build>
			<Target title="Linux">
				<Option output="../../sdk/Tools/Mapper/Mapper" prefix_auto="1" extension_auto="1" />
				<Option object_output="Linux" />
				<Option type="0" />
				<Option compiler="gcc" />
				<Compiler>
					<Add option="-O2" />
					<Add option="-DNDEBUG" />
					<Add directory="../Source/StlPort" />
					<Add directory="../Source" />
				</Compiler>
				<Linker>
					<Add option="-rdynamic" />
					<Add option="-lrt" />
					<Add directory="../Lib/Linux" />
				</Linker>
			</Target>
			<Target title="MacOSX">
				<Option output="../../sdk/Tools/Mapper/MapperMac" prefix_auto="1" extension_auto="1" />
				<Option object_output="MacOSX" />
				<Option type="0" />
				<Option compiler="gcc" />
				<Compiler>
					<Add option="-O2" />
					<Add option="-DNDEBUG" />
					<Add directory="../Source/StlPort" />
					<Add directory="../Source" />
				</Compiler>
				<Linker>
					<Add option="-arch i386" />
					<Add directory="../Lib/MacOSX" />
				</Linker>
			</Target>
		</Build>
		<Compiler>
			<Add option="-std=gnu++0x" />
			<Add option="-W" />
			<Add option="-Wno-invalid-offsetof" />
			<Add option="-Wno-unused-result" />
			<Add option="-m32" />
			<Add option="-DFONLINE_MAPPER" />
			<Add option="-DAS_NO_THREADS" />
			<Add directory="../Source/StlPort" />
			<Add directory="../Source" />
		</Compiler>
		<Linker>
			<Add option="-static-libgcc" />
			<Add option="-ldl" />
			<Add option="-lpthread" />
			<Add option="-lstlport" />
			<Add option="-lfltk" />
			<Add option="-lfltk_gl" />
			<Add option="-lIL" />
			<Add option="-ljpeg" />
			<Add option="-lpng12" />
			<Add option="-ltiff" />
			<Add option="-ljbig" />
			<Add option="-llzma" />
			<Add option="-lmng" />
			<Add option="-llcms" />
			<Add option="-lX11" />
			<Add option="-lXft" />
			<Add option="-lXinerama" />
			<Add option="-lGL" />
			<Add option="-lGLU" />
		</Linker>
		<Unit filename="Mapper.ico" />
		<Unit filename="../Source/3dAnimation.h" />
		<Unit filename="../Source/3dStuff.cpp" />
		<Unit filename="../Source/3dStuff.h" />
		<Unit filename="../Source/AngelScript/angelscript.h" />
		<Unit filename="../Source/AngelScript/as_array.h" />
		<Unit filename="../Source/AngelScript/as_atomic.cpp" />
		<Unit filename="../Source/AngelScript/as_atomic.h" />
		<Unit filename="../Source/AngelScript/as_builder.cpp" />
		<Unit filename="../Source/AngelScript/as_builder.h" />
		<Unit filename="../Source/AngelScript/as_bytecode.cpp" />
		<Unit filename="../Source/AngelScript/as_bytecode.h" />
		<Unit filename="../Source/AngelScript/as_callfunc.cpp" />
		<Unit filename="../Source/AngelScript/as_callfunc.h" />
		<Unit filename="../Source/AngelScript/as_callfunc_x64_gcc.cpp" />
		<Unit filename="../Source/AngelScript/as_callfunc_x64_msvc.cpp" />
		<Unit filename="../Source/AngelScript/as_callfunc_x86.cpp" />
		<Unit filename="../Source/AngelScript/as_compiler.cpp" />
		<Unit filename="../Source/AngelScript/as_compiler.h" />
		<Unit filename="../Source/AngelScript/as_config.h" />
		<Unit filename="../Source/AngelScript/as_configgroup.cpp" />
		<Unit filename="../Source/AngelScript/as_configgroup.h" />
		<Unit filename="../Source/AngelScript/as_context.cpp" />
		<Unit filename="../Source/AngelScript/as_context.h" />
		<Unit filename="../Source/AngelScript/as_criticalsection.h" />
		<Unit filename="../Source/AngelScript/as_datatype.cpp" />
		<Unit filename="../Source/AngelScript/as_datatype.h" />
		<Unit filename="../Source/AngelScript/as_debug.h" />
		<Unit filename="../Source/AngelScript/as_gc.cpp" />
		<Unit filename="../Source/AngelScript/as_gc.h" />
		<Unit filename="../Source/AngelScript/as_generic.cpp" />
		<Unit filename="../Source/AngelScript/as_generic.h" />
		<Unit filename="../Source/AngelScript/as_globalproperty.cpp" />
		<Unit filename="../Source/AngelScript/as_map.h" />
		<Unit filename="../Source/AngelScript/as_memory.cpp" />
		<Unit filename="../Source/AngelScript/as_memory.h" />
		<Unit filename="../Source/AngelScript/as_module.cpp" />
		<Unit filename="../Source/AngelScript/as_module.h" />
		<Unit filename="../Source/AngelScript/as_objecttype.cpp" />
		<Unit filename="../Source/AngelScript/as_objecttype.h" />
		<Unit filename="../Source/AngelScript/as_outputbuffer.cpp" />
		<Unit filename="../Source/AngelScript/as_outputbuffer.h" />
		<Unit filename="../Source/AngelScript/as_parser.cpp" />
		<Unit filename="../Source/AngelScript/as_parser.h" />
		<Unit filename="../Source/AngelScript/as_property.h" />
		<Unit filename="../Source/AngelScript/as_restore.cpp" />
		<Unit filename="../Source/AngelScript/as_restore.h" />
		<Unit filename="../Source/AngelScript/as_scriptcode.cpp" />
		<Unit filename="../Source/AngelScript/as_scriptcode.h" />
		<Unit filename="../Source/AngelScript/as_scriptengine.cpp" />
		<Unit filename="../Source/AngelScript/as_scriptengine.h" />
		<Unit filename="../Source/AngelScript/as_scriptfunction.cpp" />
		<Unit filename="../Source/AngelScript/as_scriptfunction.h" />
		<Unit filename="../Source/AngelScript/as_scriptnode.cpp" />
		<Unit filename="../Source/AngelScript/as_scriptnode.h" />
		<Unit filename="../Source/AngelScript/as_scriptobject.cpp" />
		<Unit filename="../Source/AngelScript/as_scriptobject.h" />
		<Unit filename="../Source/AngelScript/as_string.cpp" />
		<Unit filename="../Source/AngelScript/as_string.h" />
		<Unit filename="../Source/AngelScript/as_string_util.cpp" />
		<Unit filename="../Source/AngelScript/as_string_util.h" />
		<Unit filename="../Source/AngelScript/as_texts.h" />
		<Unit filename="../Source/AngelScript/as_thread.cpp" />
		<Unit filename="../Source/AngelScript/as_thread.h" />
		<Unit filename="../Source/AngelScript/as_tokendef.h" />
		<Unit filename="../Source/AngelScript/as_tokenizer.cpp" />
		<Unit filename="../Source/AngelScript/as_tokenizer.h" />
		<Unit filename="../Source/AngelScript/as_typeinfo.cpp" />
		<Unit filename="../Source/AngelScript/as_typeinfo.h" />
		<Unit filename="../Source/AngelScript/as_variablescope.cpp" />
		<Unit filename="../Source/AngelScript/as_variablescope.h" />
		<Unit filename="../Source/AngelScript/preprocessor.cpp" />
		<Unit filename="../Source/AngelScript/preprocessor.h" />
		<Unit filename="../Source/AngelScript/scriptany.cpp" />
		<Unit filename="../Source/AngelScript/scriptany.h" />
		<Unit filename="../Source/AngelScript/scriptarray.cpp" />
		<Unit filename="../Source/AngelScript/scriptarray.h" />
		<Unit filename="../Source/AngelScript/scriptdictionary.cpp" />
		<Unit filename="../Source/AngelScript/scriptdictionary.h" />
		<Unit filename="../Source/AngelScript/scriptfile.cpp" />
		<Unit filename="../Source/AngelScript/scriptfile.h" />
		<Unit filename="../Source/AngelScript/scriptmath.cpp" />
		<Unit filename="../Source/AngelScript/scriptmath.h" />
		<Unit filename="../Source/AngelScript/scriptstring.cpp" />
		<Unit filename="../Source/AngelScript/scriptstring.h" />
		<Unit filename="../Source/Common.cpp" />
		<Unit filename="../Source/Common.h" />
		<Unit filename="../Source/ConstantsManager.cpp" />
		<Unit filename="../Source/ConstantsManager.h" />
		<Unit filename="../Source/CritterCl.cpp" />
		<Unit filename="../Source/CritterCl.h" />
		<Unit filename="../Source/CritterData.h" />
		<Unit filename="../Source/CritterManager.cpp" />
		<Unit filename="../Source/CritterManager.h" />
		<Unit filename="../Source/CritterType.cpp" />
		<Unit filename="../Source/CritterType.h" />
		<Unit filename="../Source/Crypt.cpp" />
		<Unit filename="../Source/Crypt.h" />
		<Unit filename="../Source/DatFile/cfile.cpp" />
		<Unit filename="../Source/DatFile/cfile.h" />
		<Unit filename="../Source/DatFile/unlzss.cpp" />
		<Unit filename="../Source/DatFile/unlzss.h" />
		<Unit filename="../Source/DataFile.cpp" />
		<Unit filename="../Source/DataFile.h" />
		<Unit filename="../Source/Debugger.cpp" />
		<Unit filename="../Source/Debugger.h" />
		<Unit filename="../Source/Defines.h" />
		<Unit filename="../Source/Exception.cpp" />
		<Unit filename="../Source/Exception.h" />
		<Unit filename="../Source/F2Palette.h" />
		<Unit filename="../Source/FileManager.cpp" />
		<Unit filename="../Source/FileManager.h" />
		<Unit filename="../Source/FileSystem.cpp" />
		<Unit filename="../Source/FileSystem.h" />
		<Unit filename="../Source/FlexRect.h" />
		<Unit filename="../Source/GL/glew.c">
			<Option compilerVar="CC" />
		</Unit>
		<Unit filename="../Source/GL/glew.h" />
		<Unit filename="../Source/GL/glxew.h" />
		<Unit filename="../Source/GL/wglew.h" />
		<Unit filename="../Source/GraphicLoader.cpp" />
		<Unit filename="../Source/GraphicLoader.h" />
		<Unit filename="../Source/GraphicStructures.h" />
		<Unit filename="../Source/HexManager.cpp" />
		<Unit filename="../Source/HexManager.h" />
		<Unit filename="../Source/IniParser.cpp" />
		<Unit filename="../Source/IniParser.h" />
		<Unit filename="../Source/Item.cpp" />
		<Unit filename="../Source/Item.h" />
		<Unit filename="../Source/ItemHex.cpp" />
		<Unit filename="../Source/ItemHex.h" />
		<Unit filename="../Source/ItemManager.cpp" />
		<Unit filename="../Source/ItemManager.h" />
		<Unit filename="../Source/Keyboard.cpp" />
		<Unit filename="../Source/Keyboard.h" />
		<Unit filename="../Source/LineTracer.h" />
		<Unit filename="../Source/Log.cpp" />
		<Unit filename="../Source/Log.h" />
		<Unit filename="../Source/MainMapper.cpp" />
		<Unit filename="../Source/Mapper.cpp" />
		<Unit filename="../Source/Mapper.h" />
		<Unit filename="../Source/MsgFiles.cpp" />
		<Unit filename="../Source/MsgFiles.h" />
		<Unit filename="../Source/MsgStr.h" />
		<Unit filename="../Source/PlatformSpecific.h" />
		<Unit filename="../Source/ProtoMap.cpp" />
		<Unit filename="../Source/ProtoMap.h" />
		<Unit filename="../Source/Randomizer.h" />
		<Unit filename="../Source/ResourceManager.cpp" />
		<Unit filename="../Source/ResourceManager.h" />
		<Unit filename="../Source/ResourceMapper.h" />
		<Unit filename="../Source/SHA2/sha2.c">
			<Option compilerVar="CC" />
		</Unit>
		<Unit filename="../Source/SHA2/sha2.h" />
		<Unit filename="../Source/Script.cpp" />
		<Unit filename="../Source/Script.h" />
		<Unit filename="../Source/ScriptBind.h" />
		<Unit filename="../Source/ScriptPragmas.cpp" />
		<Unit filename="../Source/ScriptPragmas.h" />
		<Unit filename="../Source/SpriteManager.cpp" />
		<Unit filename="../Source/SpriteManager.h" />
		<Unit filename="../Source/SpriteManagerFont.cpp" />
		<Unit filename="../Source/Sprites.cpp" />
		<Unit filename="../Source/Sprites.h" />
		<Unit filename="../Source/StdAfx.cpp" />
		<Unit filename="../Source/StdAfx.h" />
		<Unit filename="../Source/Text.cpp" />
		<Unit filename="../Source/Text.h" />
		<Unit filename="../Source/Timer.cpp" />
		<Unit filename="../Source/Timer.h" />
		<Unit filename="../Source/Types.h" />
		<Unit filename="../Source/Version.h" />
		<Unit filename="../Source/zlib/adler32.c">
			<Option compilerVar="CC" />
		</Unit>
		<Unit filename="../Source/zlib/compress.c">
			<Option compilerVar="CC" />
		</Unit>
		<Unit filename="../Source/zlib/crc32.c">
			<Option compilerVar="CC" />
		</Unit>
		<Unit filename="../Source/zlib/crc32.h" />
		<Unit filename="../Source/zlib/deflate.c">
			<Option compilerVar="CC" />
		</Unit>
		<Unit filename="../Source/zlib/deflate.h" />
		<Unit filename="../Source/zlib/infback.c">
			<Option compilerVar="CC" />
		</Unit>
		<Unit filename="../Source/zlib/inffast.c">
			<Option compilerVar="CC" />
		</Unit>
		<Unit filename="../Source/zlib/inffast.h" />
		<Unit filename="../Source/zlib/inffixed.h" />
		<Unit filename="../Source/zlib/inflate.c">
			<Option compilerVar="CC" />
		</Unit>
		<Unit filename="../Source/zlib/inflate.h" />
		<Unit filename="../Source/zlib/inftrees.c">
			<Option compilerVar="CC" />
		</Unit>
		<Unit filename="../Source/zlib/inftrees.h" />
		<Unit filename="../Source/zlib/ioapi.c">
			<Option compilerVar="CC" />
		</Unit>
		<Unit filename="../Source/zlib/ioapi.h" />
		<Unit filename="../Source/zlib/trees.c">
			<Option compilerVar="CC" />
		</Unit>
		<Unit filename="../Source/zlib/trees.h" />
		<Unit filename="../Source/zlib/uncompr.c">
			<Option compilerVar="CC" />
		</Unit>
		<Unit filename="../Source/zlib/unzip.c">
			<Option compilerVar="CC" />
		</Unit>
		<Unit filename="../Source/zlib/unzip.h" />
		<Unit filename="../Source/zlib/zconf.h" />
		<Unit filename="../Source/zlib/zlib.h" />
		<Unit filename="../Source/zlib/zutil.c">
			<Option compilerVar="CC" />
		</Unit>
		<Unit filename="../Source/zlib/zutil.h" />
		<Extensions>
			<envvars />
			<code_completion />
			<lib_finder disable_auto="1" />
			<debugger />
		</Extensions>
	</Project>
</CodeBlocks_project_file>
