
Microsoft Visual Studio Solution File, Format Version 12.00
# Visual Studio 15
VisualStudioVersion = 15.0.28307.106
MinimumVisualStudioVersion = 10.0.40219.1
Project("{FAE04EC0-301F-11D3-BF4B-00C04F79EFBC}") = "FOnline.BuildSystem", "BuildSystem\FOnline.BuildSystem.csproj", "{3427597F-3D1A-4B00-A79C-0A6183789BFC}"
EndProject
Project("{FAE04EC0-301F-11D3-BF4B-00C04F79EFBC}") = "FOnline.Scores", "Scores\FOnline.Scores.csproj", "{8481E41F-C16C-4AFA-BDF0-644F5E8FC58A}"
EndProject
Project("{FAE04EC0-301F-11D3-BF4B-00C04F79EFBC}") = "FOnline.Core", "Core\FOnline.Core.csproj", "{F6977201-75E2-4689-B095-AAF5E764ECBD}"
EndProject
Global
	GlobalSection(SolutionConfigurationPlatforms) = preSolution
		Client|Any CPU = Client|Any CPU
		Mapper|Any CPU = Mapper|Any CPU
		Server|Any CPU = Server|Any CPU
	EndGlobalSection
	GlobalSection(ProjectConfigurationPlatforms) = postSolution
		{3427597F-3D1A-4B00-A79C-0A6183789BFC}.Client|Any CPU.ActiveCfg = Client|Any CPU
		{3427597F-3D1A-4B00-A79C-0A6183789BFC}.Client|Any CPU.Build.0 = Client|Any CPU
		{3427597F-3D1A-4B00-A79C-0A6183789BFC}.Mapper|Any CPU.ActiveCfg = Mapper|Any CPU
		{3427597F-3D1A-4B00-A79C-0A6183789BFC}.Mapper|Any CPU.Build.0 = Mapper|Any CPU
		{3427597F-3D1A-4B00-A79C-0A6183789BFC}.Server|Any CPU.ActiveCfg = Server|Any CPU
		{3427597F-3D1A-4B00-A79C-0A6183789BFC}.Server|Any CPU.Build.0 = Server|Any CPU
		{8481E41F-C16C-4AFA-BDF0-644F5E8FC58A}.Client|Any CPU.ActiveCfg = Client|Any CPU
		{8481E41F-C16C-4AFA-BDF0-644F5E8FC58A}.Client|Any CPU.Build.0 = Client|Any CPU
		{8481E41F-C16C-4AFA-BDF0-644F5E8FC58A}.Mapper|Any CPU.ActiveCfg = Mapper|Any CPU
		{8481E41F-C16C-4AFA-BDF0-644F5E8FC58A}.Mapper|Any CPU.Build.0 = Mapper|Any CPU
		{8481E41F-C16C-4AFA-BDF0-644F5E8FC58A}.Server|Any CPU.ActiveCfg = Server|Any CPU
		{8481E41F-C16C-4AFA-BDF0-644F5E8FC58A}.Server|Any CPU.Build.0 = Server|Any CPU
		{F6977201-75E2-4689-B095-AAF5E764ECBD}.Client|Any CPU.ActiveCfg = Client|Any CPU
		{F6977201-75E2-4689-B095-AAF5E764ECBD}.Client|Any CPU.Build.0 = Client|Any CPU
		{F6977201-75E2-4689-B095-AAF5E764ECBD}.Mapper|Any CPU.ActiveCfg = Mapper|Any CPU
		{F6977201-75E2-4689-B095-AAF5E764ECBD}.Mapper|Any CPU.Build.0 = Mapper|Any CPU
		{F6977201-75E2-4689-B095-AAF5E764ECBD}.Server|Any CPU.ActiveCfg = Server|Any CPU
		{F6977201-75E2-4689-B095-AAF5E764ECBD}.Server|Any CPU.Build.0 = Server|Any CPU
	EndGlobalSection
	GlobalSection(SolutionProperties) = preSolution
		HideSolutionNode = FALSE
	EndGlobalSection
	GlobalSection(ExtensibilityGlobals) = postSolution
		SolutionGuid = {370DAA28-251A-49ED-B9BC-B4F9D230D44B}
	EndGlobalSection
EndGlobal
